// !$*UTF8*$!
{
	archiveVersion = 1;
	classes = {
	};
	objectVersion = 46;
	objects = {

/* Begin PBXBuildFile section */
		FC1A75CB15AE8A960066970D /* UIKit.framework in Frameworks */ = {isa = PBXBuildFile; fileRef = FC1A75CA15AE8A960066970D /* UIKit.framework */; };
		FC1A75CD15AE8A960066970D /* Foundation.framework in Frameworks */ = {isa = PBXBuildFile; fileRef = FC1A75CC15AE8A960066970D /* Foundation.framework */; };
		FC1A75CF15AE8A960066970D /* CoreGraphics.framework in Frameworks */ = {isa = PBXBuildFile; fileRef = FC1A75CE15AE8A960066970D /* CoreGraphics.framework */; };
		FC1A75D515AE8A960066970D /* InfoPlist.strings in Resources */ = {isa = PBXBuildFile; fileRef = FC1A75D315AE8A960066970D /* InfoPlist.strings */; };
		FC1A75D715AE8A960066970D /* main.m in Sources */ = {isa = PBXBuildFile; fileRef = FC1A75D615AE8A960066970D /* main.m */; };
		FC1A75DB15AE8A960066970D /* puutenAppDelegate.m in Sources */ = {isa = PBXBuildFile; fileRef = FC1A75DA15AE8A960066970D /* puutenAppDelegate.m */; };
		FC1A75DE15AE8A960066970D /* MainStoryboard.storyboard in Resources */ = {isa = PBXBuildFile; fileRef = FC1A75DC15AE8A960066970D /* MainStoryboard.storyboard */; };
		FC1A75E115AE8A960066970D /* puutenViewController.m in Sources */ = {isa = PBXBuildFile; fileRef = FC1A75E015AE8A960066970D /* puutenViewController.m */; };
		FC1A75E815AE8C0C0066970D /* libz.dylib in Frameworks */ = {isa = PBXBuildFile; fileRef = FC1A75E715AE8C0C0066970D /* libz.dylib */; };
		FC1A75EA15AE8C210066970D /* CFNetwork.framework in Frameworks */ = {isa = PBXBuildFile; fileRef = FC1A75E915AE8C210066970D /* CFNetwork.framework */; };
		FC1A75EC15AE8C3B0066970D /* SystemConfiguration.framework in Frameworks */ = {isa = PBXBuildFile; fileRef = FC1A75EB15AE8C3B0066970D /* SystemConfiguration.framework */; };
		FC1A75EE15AE8C480066970D /* MobileCoreServices.framework in Frameworks */ = {isa = PBXBuildFile; fileRef = FC1A75ED15AE8C480066970D /* MobileCoreServices.framework */; };
		FC1A760415AE8CBB0066970D /* ASIAuthenticationDialog.m in Sources */ = {isa = PBXBuildFile; fileRef = FC1A75F115AE8CBB0066970D /* ASIAuthenticationDialog.m */; settings = {COMPILER_FLAGS = "-fno-objc-arc"; }; };
		FC1A760515AE8CBB0066970D /* ASIDataCompressor.m in Sources */ = {isa = PBXBuildFile; fileRef = FC1A75F415AE8CBB0066970D /* ASIDataCompressor.m */; settings = {COMPILER_FLAGS = "-fno-objc-arc"; }; };
		FC1A760615AE8CBB0066970D /* ASIDataDecompressor.m in Sources */ = {isa = PBXBuildFile; fileRef = FC1A75F615AE8CBB0066970D /* ASIDataDecompressor.m */; settings = {COMPILER_FLAGS = "-fno-objc-arc"; }; };
		FC1A760715AE8CBB0066970D /* ASIDownloadCache.m in Sources */ = {isa = PBXBuildFile; fileRef = FC1A75F815AE8CBB0066970D /* ASIDownloadCache.m */; settings = {COMPILER_FLAGS = "-fno-objc-arc"; }; };
		FC1A760815AE8CBB0066970D /* ASIFormDataRequest.m in Sources */ = {isa = PBXBuildFile; fileRef = FC1A75FA15AE8CBB0066970D /* ASIFormDataRequest.m */; settings = {COMPILER_FLAGS = "-fno-objc-arc"; }; };
		FC1A760915AE8CBB0066970D /* ASIHTTPRequest.m in Sources */ = {isa = PBXBuildFile; fileRef = FC1A75FC15AE8CBB0066970D /* ASIHTTPRequest.m */; settings = {COMPILER_FLAGS = "-fno-objc-arc"; }; };
		FC1A760A15AE8CBB0066970D /* ASIInputStream.m in Sources */ = {isa = PBXBuildFile; fileRef = FC1A760015AE8CBB0066970D /* ASIInputStream.m */; settings = {COMPILER_FLAGS = "-fno-objc-arc"; }; };
		FC1A760B15AE8CBB0066970D /* ASINetworkQueue.m in Sources */ = {isa = PBXBuildFile; fileRef = FC1A760215AE8CBB0066970D /* ASINetworkQueue.m */; settings = {COMPILER_FLAGS = "-fno-objc-arc"; }; };
		FC1A760E15AE8CCC0066970D /* Reachability.m in Sources */ = {isa = PBXBuildFile; fileRef = FC1A760D15AE8CCC0066970D /* Reachability.m */; settings = {COMPILER_FLAGS = "-fno-objc-arc"; }; };
		FCB6FE1115AEF63E00DFE2E2 /* WBViewController.m in Sources */ = {isa = PBXBuildFile; fileRef = FCB6FE1015AEF63E00DFE2E2 /* WBViewController.m */; };
		FCB6FE1615AEF68100DFE2E2 /* UProfile.m in Sources */ = {isa = PBXBuildFile; fileRef = FCB6FE1515AEF68100DFE2E2 /* UProfile.m */; };
		FCD7044015B042ED0049C5C4 /* CoreLocation.framework in Frameworks */ = {isa = PBXBuildFile; fileRef = FCD7043F15B042ED0049C5C4 /* CoreLocation.framework */; };
/* End PBXBuildFile section */

/* Begin PBXFileReference section */
		FC1A75C615AE8A950066970D /* puuten.app */ = {isa = PBXFileReference; explicitFileType = wrapper.application; includeInIndex = 0; path = puuten.app; sourceTree = BUILT_PRODUCTS_DIR; };
		FC1A75CA15AE8A960066970D /* UIKit.framework */ = {isa = PBXFileReference; lastKnownFileType = wrapper.framework; name = UIKit.framework; path = System/Library/Frameworks/UIKit.framework; sourceTree = SDKROOT; };
		FC1A75CC15AE8A960066970D /* Foundation.framework */ = {isa = PBXFileReference; lastKnownFileType = wrapper.framework; name = Foundation.framework; path = System/Library/Frameworks/Foundation.framework; sourceTree = SDKROOT; };
		FC1A75CE15AE8A960066970D /* CoreGraphics.framework */ = {isa = PBXFileReference; lastKnownFileType = wrapper.framework; name = CoreGraphics.framework; path = System/Library/Frameworks/CoreGraphics.framework; sourceTree = SDKROOT; };
		FC1A75D215AE8A960066970D /* puuten-Info.plist */ = {isa = PBXFileReference; lastKnownFileType = text.plist.xml; path = "puuten-Info.plist"; sourceTree = "<group>"; };
		FC1A75D415AE8A960066970D /* en */ = {isa = PBXFileReference; lastKnownFileType = text.plist.strings; name = en; path = en.lproj/InfoPlist.strings; sourceTree = "<group>"; };
		FC1A75D615AE8A960066970D /* main.m */ = {isa = PBXFileReference; lastKnownFileType = sourcecode.c.objc; path = main.m; sourceTree = "<group>"; };
		FC1A75D815AE8A960066970D /* puuten-Prefix.pch */ = {isa = PBXFileReference; lastKnownFileType = sourcecode.c.h; path = "puuten-Prefix.pch"; sourceTree = "<group>"; };
		FC1A75D915AE8A960066970D /* puutenAppDelegate.h */ = {isa = PBXFileReference; lastKnownFileType = sourcecode.c.h; path = puutenAppDelegate.h; sourceTree = "<group>"; };
		FC1A75DA15AE8A960066970D /* puutenAppDelegate.m */ = {isa = PBXFileReference; lastKnownFileType = sourcecode.c.objc; path = puutenAppDelegate.m; sourceTree = "<group>"; };
		FC1A75DD15AE8A960066970D /* en */ = {isa = PBXFileReference; lastKnownFileType = file.storyboard; name = en; path = en.lproj/MainStoryboard.storyboard; sourceTree = "<group>"; };
		FC1A75DF15AE8A960066970D /* puutenViewController.h */ = {isa = PBXFileReference; lastKnownFileType = sourcecode.c.h; path = puutenViewController.h; sourceTree = "<group>"; };
		FC1A75E015AE8A960066970D /* puutenViewController.m */ = {isa = PBXFileReference; lastKnownFileType = sourcecode.c.objc; path = puutenViewController.m; sourceTree = "<group>"; };
		FC1A75E715AE8C0C0066970D /* libz.dylib */ = {isa = PBXFileReference; lastKnownFileType = "compiled.mach-o.dylib"; name = libz.dylib; path = usr/lib/libz.dylib; sourceTree = SDKROOT; };
		FC1A75E915AE8C210066970D /* CFNetwork.framework */ = {isa = PBXFileReference; lastKnownFileType = wrapper.framework; name = CFNetwork.framework; path = System/Library/Frameworks/CFNetwork.framework; sourceTree = SDKROOT; };
		FC1A75EB15AE8C3B0066970D /* SystemConfiguration.framework */ = {isa = PBXFileReference; lastKnownFileType = wrapper.framework; name = SystemConfiguration.framework; path = System/Library/Frameworks/SystemConfiguration.framework; sourceTree = SDKROOT; };
		FC1A75ED15AE8C480066970D /* MobileCoreServices.framework */ = {isa = PBXFileReference; lastKnownFileType = wrapper.framework; name = MobileCoreServices.framework; path = System/Library/Frameworks/MobileCoreServices.framework; sourceTree = SDKROOT; };
		FC1A75F015AE8CBB0066970D /* ASIAuthenticationDialog.h */ = {isa = PBXFileReference; fileEncoding = 4; lastKnownFileType = sourcecode.c.h; path = ASIAuthenticationDialog.h; sourceTree = "<group>"; };
		FC1A75F115AE8CBB0066970D /* ASIAuthenticationDialog.m */ = {isa = PBXFileReference; fileEncoding = 4; lastKnownFileType = sourcecode.c.objc; path = ASIAuthenticationDialog.m; sourceTree = "<group>"; };
		FC1A75F215AE8CBB0066970D /* ASICacheDelegate.h */ = {isa = PBXFileReference; fileEncoding = 4; lastKnownFileType = sourcecode.c.h; path = ASICacheDelegate.h; sourceTree = "<group>"; };
		FC1A75F315AE8CBB0066970D /* ASIDataCompressor.h */ = {isa = PBXFileReference; fileEncoding = 4; lastKnownFileType = sourcecode.c.h; path = ASIDataCompressor.h; sourceTree = "<group>"; };
		FC1A75F415AE8CBB0066970D /* ASIDataCompressor.m */ = {isa = PBXFileReference; fileEncoding = 4; lastKnownFileType = sourcecode.c.objc; path = ASIDataCompressor.m; sourceTree = "<group>"; };
		FC1A75F515AE8CBB0066970D /* ASIDataDecompressor.h */ = {isa = PBXFileReference; fileEncoding = 4; lastKnownFileType = sourcecode.c.h; path = ASIDataDecompressor.h; sourceTree = "<group>"; };
		FC1A75F615AE8CBB0066970D /* ASIDataDecompressor.m */ = {isa = PBXFileReference; fileEncoding = 4; lastKnownFileType = sourcecode.c.objc; path = ASIDataDecompressor.m; sourceTree = "<group>"; };
		FC1A75F715AE8CBB0066970D /* ASIDownloadCache.h */ = {isa = PBXFileReference; fileEncoding = 4; lastKnownFileType = sourcecode.c.h; path = ASIDownloadCache.h; sourceTree = "<group>"; };
		FC1A75F815AE8CBB0066970D /* ASIDownloadCache.m */ = {isa = PBXFileReference; fileEncoding = 4; lastKnownFileType = sourcecode.c.objc; path = ASIDownloadCache.m; sourceTree = "<group>"; };
		FC1A75F915AE8CBB0066970D /* ASIFormDataRequest.h */ = {isa = PBXFileReference; fileEncoding = 4; lastKnownFileType = sourcecode.c.h; path = ASIFormDataRequest.h; sourceTree = "<group>"; };
		FC1A75FA15AE8CBB0066970D /* ASIFormDataRequest.m */ = {isa = PBXFileReference; fileEncoding = 4; lastKnownFileType = sourcecode.c.objc; path = ASIFormDataRequest.m; sourceTree = "<group>"; };
		FC1A75FB15AE8CBB0066970D /* ASIHTTPRequest.h */ = {isa = PBXFileReference; fileEncoding = 4; lastKnownFileType = sourcecode.c.h; path = ASIHTTPRequest.h; sourceTree = "<group>"; };
		FC1A75FC15AE8CBB0066970D /* ASIHTTPRequest.m */ = {isa = PBXFileReference; fileEncoding = 4; lastKnownFileType = sourcecode.c.objc; path = ASIHTTPRequest.m; sourceTree = "<group>"; };
		FC1A75FD15AE8CBB0066970D /* ASIHTTPRequestConfig.h */ = {isa = PBXFileReference; fileEncoding = 4; lastKnownFileType = sourcecode.c.h; path = ASIHTTPRequestConfig.h; sourceTree = "<group>"; };
		FC1A75FE15AE8CBB0066970D /* ASIHTTPRequestDelegate.h */ = {isa = PBXFileReference; fileEncoding = 4; lastKnownFileType = sourcecode.c.h; path = ASIHTTPRequestDelegate.h; sourceTree = "<group>"; };
		FC1A75FF15AE8CBB0066970D /* ASIInputStream.h */ = {isa = PBXFileReference; fileEncoding = 4; lastKnownFileType = sourcecode.c.h; path = ASIInputStream.h; sourceTree = "<group>"; };
		FC1A760015AE8CBB0066970D /* ASIInputStream.m */ = {isa = PBXFileReference; fileEncoding = 4; lastKnownFileType = sourcecode.c.objc; path = ASIInputStream.m; sourceTree = "<group>"; };
		FC1A760115AE8CBB0066970D /* ASINetworkQueue.h */ = {isa = PBXFileReference; fileEncoding = 4; lastKnownFileType = sourcecode.c.h; path = ASINetworkQueue.h; sourceTree = "<group>"; };
		FC1A760215AE8CBB0066970D /* ASINetworkQueue.m */ = {isa = PBXFileReference; fileEncoding = 4; lastKnownFileType = sourcecode.c.objc; path = ASINetworkQueue.m; sourceTree = "<group>"; };
		FC1A760315AE8CBB0066970D /* ASIProgressDelegate.h */ = {isa = PBXFileReference; fileEncoding = 4; lastKnownFileType = sourcecode.c.h; path = ASIProgressDelegate.h; sourceTree = "<group>"; };
		FC1A760C15AE8CCC0066970D /* Reachability.h */ = {isa = PBXFileReference; fileEncoding = 4; lastKnownFileType = sourcecode.c.h; path = Reachability.h; sourceTree = "<group>"; };
		FC1A760D15AE8CCC0066970D /* Reachability.m */ = {isa = PBXFileReference; fileEncoding = 4; lastKnownFileType = sourcecode.c.objc; path = Reachability.m; sourceTree = "<group>"; };
		FCAE73C215AFE0A4002E0DD3 /* JSON.h */ = {isa = PBXFileReference; lastKnownFileType = sourcecode.c.h; path = JSON.h; sourceTree = "<group>"; };
		FCAE73C315AFE0A4002E0DD3 /* NSObject+SBJSON.h */ = {isa = PBXFileReference; lastKnownFileType = sourcecode.c.h; path = "NSObject+SBJSON.h"; sourceTree = "<group>"; };
		FCAE73C415AFE0A4002E0DD3 /* NSObject+SBJSON.m */ = {isa = PBXFileReference; lastKnownFileType = sourcecode.c.objc; path = "NSObject+SBJSON.m"; sourceTree = "<group>"; };
		FCAE73C515AFE0A4002E0DD3 /* NSString+SBJSON.h */ = {isa = PBXFileReference; lastKnownFileType = sourcecode.c.h; path = "NSString+SBJSON.h"; sourceTree = "<group>"; };
		FCAE73C615AFE0A4002E0DD3 /* NSString+SBJSON.m */ = {isa = PBXFileReference; lastKnownFileType = sourcecode.c.objc; path = "NSString+SBJSON.m"; sourceTree = "<group>"; };
		FCAE73C715AFE0A4002E0DD3 /* SBJsonBase.h */ = {isa = PBXFileReference; lastKnownFileType = sourcecode.c.h; path = SBJsonBase.h; sourceTree = "<group>"; };
		FCAE73C815AFE0A4002E0DD3 /* SBJsonBase.m */ = {isa = PBXFileReference; lastKnownFileType = sourcecode.c.objc; path = SBJsonBase.m; sourceTree = "<group>"; };
		FCAE73C915AFE0A4002E0DD3 /* SBJsonParser.h */ = {isa = PBXFileReference; lastKnownFileType = sourcecode.c.h; path = SBJsonParser.h; sourceTree = "<group>"; };
		FCAE73CA15AFE0A4002E0DD3 /* SBJsonParser.m */ = {isa = PBXFileReference; lastKnownFileType = sourcecode.c.objc; path = SBJsonParser.m; sourceTree = "<group>"; };
		FCAE73CB15AFE0A4002E0DD3 /* SBJsonWriter.h */ = {isa = PBXFileReference; lastKnownFileType = sourcecode.c.h; path = SBJsonWriter.h; sourceTree = "<group>"; };
		FCAE73CC15AFE0A4002E0DD3 /* SBJsonWriter.m */ = {isa = PBXFileReference; lastKnownFileType = sourcecode.c.objc; path = SBJsonWriter.m; sourceTree = "<group>"; };
		FCB6FE0F15AEF63E00DFE2E2 /* WBViewController.h */ = {isa = PBXFileReference; fileEncoding = 4; lastKnownFileType = sourcecode.c.h; name = WBViewController.h; path = puuten/WBViewController.h; sourceTree = "<group>"; };
		FCB6FE1015AEF63E00DFE2E2 /* WBViewController.m */ = {isa = PBXFileReference; fileEncoding = 4; lastKnownFileType = sourcecode.c.objc; name = WBViewController.m; path = puuten/WBViewController.m; sourceTree = "<group>"; };
		FCB6FE1415AEF68100DFE2E2 /* UProfile.h */ = {isa = PBXFileReference; fileEncoding = 4; lastKnownFileType = sourcecode.c.h; path = UProfile.h; sourceTree = "<group>"; };
		FCB6FE1515AEF68100DFE2E2 /* UProfile.m */ = {isa = PBXFileReference; fileEncoding = 4; lastKnownFileType = sourcecode.c.objc; path = UProfile.m; sourceTree = "<group>"; };
		FCD7043F15B042ED0049C5C4 /* CoreLocation.framework */ = {isa = PBXFileReference; lastKnownFileType = wrapper.framework; name = CoreLocation.framework; path = System/Library/Frameworks/CoreLocation.framework; sourceTree = SDKROOT; };
/* End PBXFileReference section */

/* Begin PBXFrameworksBuildPhase section */
		FC1A75C315AE8A950066970D /* Frameworks */ = {
			isa = PBXFrameworksBuildPhase;
			buildActionMask = 2147483647;
			files = (
				FCD7044015B042ED0049C5C4 /* CoreLocation.framework in Frameworks */,
				FC1A75EE15AE8C480066970D /* MobileCoreServices.framework in Frameworks */,
				FC1A75EC15AE8C3B0066970D /* SystemConfiguration.framework in Frameworks */,
				FC1A75EA15AE8C210066970D /* CFNetwork.framework in Frameworks */,
				FC1A75E815AE8C0C0066970D /* libz.dylib in Frameworks */,
				FC1A75CB15AE8A960066970D /* UIKit.framework in Frameworks */,
				FC1A75CD15AE8A960066970D /* Foundation.framework in Frameworks */,
				FC1A75CF15AE8A960066970D /* CoreGraphics.framework in Frameworks */,
			);
			runOnlyForDeploymentPostprocessing = 0;
		};
/* End PBXFrameworksBuildPhase section */

/* Begin PBXGroup section */
		FC1A75BB15AE8A950066970D = {
			isa = PBXGroup;
			children = (
				FCD703D715B022910049C5C4 /* contoller */,
				FCAE73C115AFE090002E0DD3 /* JSON */,
				FCB6FE1315AEF65800DFE2E2 /* models */,
				FC1A75EF15AE8C670066970D /* ASIHTTPRequest */,
				FC1A75D015AE8A960066970D /* puuten */,
				FC1A75C915AE8A960066970D /* Frameworks */,
				FC1A75C715AE8A950066970D /* Products */,
			);
			sourceTree = "<group>";
		};
		FC1A75C715AE8A950066970D /* Products */ = {
			isa = PBXGroup;
			children = (
				FC1A75C615AE8A950066970D /* puuten.app */,
			);
			name = Products;
			sourceTree = "<group>";
		};
		FC1A75C915AE8A960066970D /* Frameworks */ = {
			isa = PBXGroup;
			children = (
				FCD7043F15B042ED0049C5C4 /* CoreLocation.framework */,
				FC1A75ED15AE8C480066970D /* MobileCoreServices.framework */,
				FC1A75EB15AE8C3B0066970D /* SystemConfiguration.framework */,
				FC1A75E915AE8C210066970D /* CFNetwork.framework */,
				FC1A75E715AE8C0C0066970D /* libz.dylib */,
				FC1A75CA15AE8A960066970D /* UIKit.framework */,
				FC1A75CC15AE8A960066970D /* Foundation.framework */,
				FC1A75CE15AE8A960066970D /* CoreGraphics.framework */,
			);
			name = Frameworks;
			sourceTree = "<group>";
		};
		FC1A75D015AE8A960066970D /* puuten */ = {
			isa = PBXGroup;
			children = (
				FC1A75D915AE8A960066970D /* puutenAppDelegate.h */,
				FC1A75DA15AE8A960066970D /* puutenAppDelegate.m */,
				FC1A75DC15AE8A960066970D /* MainStoryboard.storyboard */,
				FC1A75DF15AE8A960066970D /* puutenViewController.h */,
				FC1A75E015AE8A960066970D /* puutenViewController.m */,
				FC1A75D115AE8A960066970D /* Supporting Files */,
			);
			path = puuten;
			sourceTree = "<group>";
		};
		FC1A75D115AE8A960066970D /* Supporting Files */ = {
			isa = PBXGroup;
			children = (
				FC1A75D215AE8A960066970D /* puuten-Info.plist */,
				FC1A75D315AE8A960066970D /* InfoPlist.strings */,
				FC1A75D615AE8A960066970D /* main.m */,
				FC1A75D815AE8A960066970D /* puuten-Prefix.pch */,
			);
			name = "Supporting Files";
			sourceTree = "<group>";
		};
		FC1A75EF15AE8C670066970D /* ASIHTTPRequest */ = {
			isa = PBXGroup;
			children = (
				FC1A760C15AE8CCC0066970D /* Reachability.h */,
				FC1A760D15AE8CCC0066970D /* Reachability.m */,
				FC1A75F015AE8CBB0066970D /* ASIAuthenticationDialog.h */,
				FC1A75F115AE8CBB0066970D /* ASIAuthenticationDialog.m */,
				FC1A75F215AE8CBB0066970D /* ASICacheDelegate.h */,
				FC1A75F315AE8CBB0066970D /* ASIDataCompressor.h */,
				FC1A75F415AE8CBB0066970D /* ASIDataCompressor.m */,
				FC1A75F515AE8CBB0066970D /* ASIDataDecompressor.h */,
				FC1A75F615AE8CBB0066970D /* ASIDataDecompressor.m */,
				FC1A75F715AE8CBB0066970D /* ASIDownloadCache.h */,
				FC1A75F815AE8CBB0066970D /* ASIDownloadCache.m */,
				FC1A75F915AE8CBB0066970D /* ASIFormDataRequest.h */,
				FC1A75FA15AE8CBB0066970D /* ASIFormDataRequest.m */,
				FC1A75FB15AE8CBB0066970D /* ASIHTTPRequest.h */,
				FC1A75FC15AE8CBB0066970D /* ASIHTTPRequest.m */,
				FC1A75FD15AE8CBB0066970D /* ASIHTTPRequestConfig.h */,
				FC1A75FE15AE8CBB0066970D /* ASIHTTPRequestDelegate.h */,
				FC1A75FF15AE8CBB0066970D /* ASIInputStream.h */,
				FC1A760015AE8CBB0066970D /* ASIInputStream.m */,
				FC1A760115AE8CBB0066970D /* ASINetworkQueue.h */,
				FC1A760215AE8CBB0066970D /* ASINetworkQueue.m */,
				FC1A760315AE8CBB0066970D /* ASIProgressDelegate.h */,
			);
			name = ASIHTTPRequest;
			sourceTree = "<group>";
		};
		FCAE73C115AFE090002E0DD3 /* JSON */ = {
			isa = PBXGroup;
			children = (
				FCAE73C215AFE0A4002E0DD3 /* JSON.h */,
				FCAE73C315AFE0A4002E0DD3 /* NSObject+SBJSON.h */,
				FCAE73C415AFE0A4002E0DD3 /* NSObject+SBJSON.m */,
				FCAE73C515AFE0A4002E0DD3 /* NSString+SBJSON.h */,
				FCAE73C615AFE0A4002E0DD3 /* NSString+SBJSON.m */,
				FCAE73C715AFE0A4002E0DD3 /* SBJsonBase.h */,
				FCAE73C815AFE0A4002E0DD3 /* SBJsonBase.m */,
				FCAE73C915AFE0A4002E0DD3 /* SBJsonParser.h */,
				FCAE73CA15AFE0A4002E0DD3 /* SBJsonParser.m */,
				FCAE73CB15AFE0A4002E0DD3 /* SBJsonWriter.h */,
				FCAE73CC15AFE0A4002E0DD3 /* SBJsonWriter.m */,
			);
			name = JSON;
			sourceTree = "<group>";
		};
		FCB6FE1315AEF65800DFE2E2 /* models */ = {
			isa = PBXGroup;
			children = (
				FCB6FE1415AEF68100DFE2E2 /* UProfile.h */,
				FCB6FE1515AEF68100DFE2E2 /* UProfile.m */,
			);
			name = models;
			sourceTree = "<group>";
		};
		FCD703D715B022910049C5C4 /* contoller */ = {
			isa = PBXGroup;
			children = (
				FCB6FE0F15AEF63E00DFE2E2 /* WBViewController.h */,
				FCB6FE1015AEF63E00DFE2E2 /* WBViewController.m */,
			);
			name = contoller;
			sourceTree = "<group>";
		};
/* End PBXGroup section */

/* Begin PBXNativeTarget section */
		FC1A75C515AE8A950066970D /* puuten */ = {
			isa = PBXNativeTarget;
			buildConfigurationList = FC1A75E415AE8A960066970D /* Build configuration list for PBXNativeTarget "puuten" */;
			buildPhases = (
				FC1A75C215AE8A950066970D /* Sources */,
				FC1A75C315AE8A950066970D /* Frameworks */,
				FC1A75C415AE8A950066970D /* Resources */,
			);
			buildRules = (
			);
			dependencies = (
			);
			name = puuten;
			productName = puuten;
			productReference = FC1A75C615AE8A950066970D /* puuten.app */;
			productType = "com.apple.product-type.application";
		};
/* End PBXNativeTarget section */

/* Begin PBXProject section */
		FC1A75BD15AE8A950066970D /* Project object */ = {
			isa = PBXProject;
			attributes = {
				CLASSPREFIX = puuten;
				LastUpgradeCheck = 0430;
			};
			buildConfigurationList = FC1A75C015AE8A950066970D /* Build configuration list for PBXProject "puuten" */;
			compatibilityVersion = "Xcode 3.2";
			developmentRegion = English;
			hasScannedForEncodings = 0;
			knownRegions = (
				en,
			);
			mainGroup = FC1A75BB15AE8A950066970D;
			productRefGroup = FC1A75C715AE8A950066970D /* Products */;
			projectDirPath = "";
			projectRoot = "";
			targets = (
				FC1A75C515AE8A950066970D /* puuten */,
			);
		};
/* End PBXProject section */

/* Begin PBXResourcesBuildPhase section */
		FC1A75C415AE8A950066970D /* Resources */ = {
			isa = PBXResourcesBuildPhase;
			buildActionMask = 2147483647;
			files = (
				FC1A75D515AE8A960066970D /* InfoPlist.strings in Resources */,
				FC1A75DE15AE8A960066970D /* MainStoryboard.storyboard in Resources */,
			);
			runOnlyForDeploymentPostprocessing = 0;
		};
/* End PBXResourcesBuildPhase section */

/* Begin PBXSourcesBuildPhase section */
		FC1A75C215AE8A950066970D /* Sources */ = {
			isa = PBXSourcesBuildPhase;
			buildActionMask = 2147483647;
			files = (
				FC1A75D715AE8A960066970D /* main.m in Sources */,
				FC1A75DB15AE8A960066970D /* puutenAppDelegate.m in Sources */,
				FC1A75E115AE8A960066970D /* puutenViewController.m in Sources */,
				FC1A760415AE8CBB0066970D /* ASIAuthenticationDialog.m in Sources */,
				FC1A760515AE8CBB0066970D /* ASIDataCompressor.m in Sources */,
				FC1A760615AE8CBB0066970D /* ASIDataDecompressor.m in Sources */,
				FC1A760715AE8CBB0066970D /* ASIDownloadCache.m in Sources */,
				FC1A760815AE8CBB0066970D /* ASIFormDataRequest.m in Sources */,
				FC1A760915AE8CBB0066970D /* ASIHTTPRequest.m in Sources */,
				FC1A760A15AE8CBB0066970D /* ASIInputStream.m in Sources */,
				FC1A760B15AE8CBB0066970D /* ASINetworkQueue.m in Sources */,
				FC1A760E15AE8CCC0066970D /* Reachability.m in Sources */,
				FCB6FE1115AEF63E00DFE2E2 /* WBViewController.m in Sources */,
				FCB6FE1615AEF68100DFE2E2 /* UProfile.m in Sources */,
			);
			runOnlyForDeploymentPostprocessing = 0;
		};
/* End PBXSourcesBuildPhase section */

/* Begin PBXVariantGroup section */
		FC1A75D315AE8A960066970D /* InfoPlist.strings */ = {
			isa = PBXVariantGroup;
			children = (
				FC1A75D415AE8A960066970D /* en */,
			);
			name = InfoPlist.strings;
			sourceTree = "<group>";
		};
		FC1A75DC15AE8A960066970D /* MainStoryboard.storyboard */ = {
			isa = PBXVariantGroup;
			children = (
				FC1A75DD15AE8A960066970D /* en */,
			);
			name = MainStoryboard.storyboard;
			sourceTree = "<group>";
		};
/* End PBXVariantGroup section */

/* Begin XCBuildConfiguration section */
		FC1A75E215AE8A960066970D /* Debug */ = {
			isa = XCBuildConfiguration;
			buildSettings = {
				ALWAYS_SEARCH_USER_PATHS = NO;
				ARCHS = "$(ARCHS_STANDARD_32_BIT)";
				CLANG_ENABLE_OBJC_ARC = YES;
				"CODE_SIGN_IDENTITY[sdk=iphoneos*]" = "iPhone Developer";
				COPY_PHASE_STRIP = NO;
				GCC_C_LANGUAGE_STANDARD = gnu99;
				GCC_DYNAMIC_NO_PIC = NO;
				GCC_OPTIMIZATION_LEVEL = 0;
				GCC_PREPROCESSOR_DEFINITIONS = (
					"DEBUG=1",
					"$(inherited)",
				);
				GCC_SYMBOLS_PRIVATE_EXTERN = NO;
				GCC_VERSION = com.apple.compilers.llvm.clang.1_0;
				GCC_WARN_ABOUT_RETURN_TYPE = YES;
				GCC_WARN_UNINITIALIZED_AUTOS = YES;
				GCC_WARN_UNUSED_VARIABLE = YES;
				IPHONEOS_DEPLOYMENT_TARGET = 5.1;
				SDKROOT = iphoneos;
			};
			name = Debug;
		};
		FC1A75E315AE8A960066970D /* Release */ = {
			isa = XCBuildConfiguration;
			buildSettings = {
				ALWAYS_SEARCH_USER_PATHS = NO;
				ARCHS = "$(ARCHS_STANDARD_32_BIT)";
				CLANG_ENABLE_OBJC_ARC = YES;
				"CODE_SIGN_IDENTITY[sdk=iphoneos*]" = "iPhone Developer";
				COPY_PHASE_STRIP = YES;
				GCC_C_LANGUAGE_STANDARD = gnu99;
				GCC_VERSION = com.apple.compilers.llvm.clang.1_0;
				GCC_WARN_ABOUT_RETURN_TYPE = YES;
				GCC_WARN_UNINITIALIZED_AUTOS = YES;
				GCC_WARN_UNUSED_VARIABLE = YES;
				IPHONEOS_DEPLOYMENT_TARGET = 5.1;
				OTHER_CFLAGS = "-DNS_BLOCK_ASSERTIONS=1";
				SDKROOT = iphoneos;
				VALIDATE_PRODUCT = YES;
			};
			name = Release;
		};
		FC1A75E515AE8A960066970D /* Debug */ = {
			isa = XCBuildConfiguration;
			buildSettings = {
				GCC_PRECOMPILE_PREFIX_HEADER = YES;
				GCC_PREFIX_HEADER = "puuten/puuten-Prefix.pch";
				INFOPLIST_FILE = "puuten/puuten-Info.plist";
				PRODUCT_NAME = "$(TARGET_NAME)";
				WRAPPER_EXTENSION = app;
			};
			name = Debug;
		};
		FC1A75E615AE8A960066970D /* Release */ = {
			isa = XCBuildConfiguration;
			buildSettings = {
				GCC_PRECOMPILE_PREFIX_HEADER = YES;
				GCC_PREFIX_HEADER = "puuten/puuten-Prefix.pch";
				INFOPLIST_FILE = "puuten/puuten-Info.plist";
				PRODUCT_NAME = "$(TARGET_NAME)";
				WRAPPER_EXTENSION = app;
			};
			name = Release;
		};
/* End XCBuildConfiguration section */

/* Begin XCConfigurationList section */
		FC1A75C015AE8A950066970D /* Build configuration list for PBXProject "puuten" */ = {
			isa = XCConfigurationList;
			buildConfigurations = (
				FC1A75E215AE8A960066970D /* Debug */,
				FC1A75E315AE8A960066970D /* Release */,
			);
			defaultConfigurationIsVisible = 0;
			defaultConfigurationName = Release;
		};
		FC1A75E415AE8A960066970D /* Build configuration list for PBXNativeTarget "puuten" */ = {
			isa = XCConfigurationList;
			buildConfigurations = (
				FC1A75E515AE8A960066970D /* Debug */,
				FC1A75E615AE8A960066970D /* Release */,
			);
			defaultConfigurationIsVisible = 0;
			defaultConfigurationName = Release;
		};
/* End XCConfigurationList section */
	};
	rootObject = FC1A75BD15AE8A950066970D /* Project object */;
}
