// !$*UTF8*$!
{
	archiveVersion = 1;
	classes = {
	};
	objectVersion = 46;
	objects = {

/* Begin PBXBuildFile section */
		FC03895815DA6B32004B998B /* FriendsViewController.m in Sources */ = {isa = PBXBuildFile; fileRef = FC03895715DA6B31004B998B /* FriendsViewController.m */; };
		FC03895C15DA6C47004B998B /* FriendsTableCell.m in Sources */ = {isa = PBXBuildFile; fileRef = FC03895B15DA6C47004B998B /* FriendsTableCell.m */; };
		FC0A0CAA15CE6CE400AC80F6 /* BSViewController.m in Sources */ = {isa = PBXBuildFile; fileRef = FC0A0CA915CE6CE400AC80F6 /* BSViewController.m */; };
		FC3E1E6115CB950E00E185D5 /* BSHeader.m in Sources */ = {isa = PBXBuildFile; fileRef = FC3E1E6015CB950E00E185D5 /* BSHeader.m */; };
		FC3E1E6415CB960800E185D5 /* WBViewController.m in Sources */ = {isa = PBXBuildFile; fileRef = FC3E1E6315CB960800E185D5 /* WBViewController.m */; };
		FC449D3015DE52A000B0BF90 /* LibViewController.m in Sources */ = {isa = PBXBuildFile; fileRef = FC449D2F15DE52A000B0BF90 /* LibViewController.m */; };
		FC61F8EF15DBB3AB000E3178 /* com_btn_check.png in Resources */ = {isa = PBXBuildFile; fileRef = FC61F8ED15DBB3AB000E3178 /* com_btn_check.png */; };
		FC61F8F015DBB3AB000E3178 /* com_btn_checked.png in Resources */ = {isa = PBXBuildFile; fileRef = FC61F8EE15DBB3AB000E3178 /* com_btn_checked.png */; };
		FC8ACEEC15F8BE630014AAB4 /* 111.jpeg in Resources */ = {isa = PBXBuildFile; fileRef = FC8ACEEB15F8BE630014AAB4 /* 111.jpeg */; };
		FCBA959A15EA594B0079A7C6 /* ProfileViewController.m in Sources */ = {isa = PBXBuildFile; fileRef = FCBA959915EA594B0079A7C6 /* ProfileViewController.m */; };
		FCCD876615E0E9F0001EF8CE /* tab_feed.png in Resources */ = {isa = PBXBuildFile; fileRef = FCCD876515E0E9F0001EF8CE /* tab_feed.png */; };
		FCCD876915E0F450001EF8CE /* Wallet.png in Resources */ = {isa = PBXBuildFile; fileRef = FCCD876815E0F450001EF8CE /* Wallet.png */; };
		FCCD876B15E0F915001EF8CE /* tab-me.png in Resources */ = {isa = PBXBuildFile; fileRef = FCCD876A15E0F915001EF8CE /* tab-me.png */; };
		FCCD876D15E0FA2F001EF8CE /* ICN_more.png in Resources */ = {isa = PBXBuildFile; fileRef = FCCD876C15E0FA2E001EF8CE /* ICN_more.png */; };
		FCCD876F15E0FAB5001EF8CE /* camera_button_take.png in Resources */ = {isa = PBXBuildFile; fileRef = FCCD876E15E0FAB5001EF8CE /* camera_button_take.png */; };
		FCCD877115E0FC1E001EF8CE /* Scanner.png in Resources */ = {isa = PBXBuildFile; fileRef = FCCD877015E0FC1E001EF8CE /* Scanner.png */; };
		FCCD877C15E11DDE001EF8CE /* comment.png in Resources */ = {isa = PBXBuildFile; fileRef = FCCD877A15E11DDD001EF8CE /* comment.png */; };
		FCCD877D15E11DDE001EF8CE /* invite.png in Resources */ = {isa = PBXBuildFile; fileRef = FCCD877B15E11DDE001EF8CE /* invite.png */; };
		FCCD877F15E11EA5001EF8CE /* bag_red.png in Resources */ = {isa = PBXBuildFile; fileRef = FCCD877E15E11EA5001EF8CE /* bag_red.png */; };
		FCE21CE715FA02BC00D22766 /* MJPopupBackgroundView.m in Sources */ = {isa = PBXBuildFile; fileRef = FCE21CE415FA02BC00D22766 /* MJPopupBackgroundView.m */; };
		FCE21CE815FA02BC00D22766 /* UIViewController+MJPopupViewController.m in Sources */ = {isa = PBXBuildFile; fileRef = FCE21CE615FA02BC00D22766 /* UIViewController+MJPopupViewController.m */; };
		FCE21CEC15FA032C00D22766 /* PupupViewController.m in Sources */ = {isa = PBXBuildFile; fileRef = FCE21CEA15FA032C00D22766 /* PupupViewController.m */; };
		FCE21CED15FA032C00D22766 /* PupupViewController.xib in Resources */ = {isa = PBXBuildFile; fileRef = FCE21CEB15FA032C00D22766 /* PupupViewController.xib */; };
		FCE21CF315FA0A5D00D22766 /* CMGradientLayer.m in Sources */ = {isa = PBXBuildFile; fileRef = FCE21CF015FA0A5D00D22766 /* CMGradientLayer.m */; };
		FCE21CF415FA0A5D00D22766 /* GradientView.m in Sources */ = {isa = PBXBuildFile; fileRef = FCE21CF215FA0A5D00D22766 /* GradientView.m */; };
		FCE21CF915FA11DC00D22766 /* star1.png in Resources */ = {isa = PBXBuildFile; fileRef = FCE21CF515FA11DC00D22766 /* star1.png */; };
		FCE21CFA15FA11DC00D22766 /* star2.png in Resources */ = {isa = PBXBuildFile; fileRef = FCE21CF615FA11DC00D22766 /* star2.png */; };
		FCE21CFB15FA11DC00D22766 /* star3.png in Resources */ = {isa = PBXBuildFile; fileRef = FCE21CF715FA11DC00D22766 /* star3.png */; };
		FCE21CFC15FA11DC00D22766 /* star4.png in Resources */ = {isa = PBXBuildFile; fileRef = FCE21CF815FA11DC00D22766 /* star4.png */; };
		FCE2AE3315DA0C62000FD85B /* WBCommentViewController.m in Sources */ = {isa = PBXBuildFile; fileRef = FCE2AE3215DA0C62000FD85B /* WBCommentViewController.m */; };
		FCEC467115DEB301006EAF2E /* concrete_wall_3.png in Resources */ = {isa = PBXBuildFile; fileRef = FCEC467015DEB301006EAF2E /* concrete_wall_3.png */; };
		FCEC467815DEB8A1006EAF2E /* capture-button.png in Resources */ = {isa = PBXBuildFile; fileRef = FCEC467715DEB8A1006EAF2E /* capture-button.png */; };
		FCED8B8915E4E07100BEA2C0 /* back.png in Resources */ = {isa = PBXBuildFile; fileRef = FCED8B8815E4E07100BEA2C0 /* back.png */; };
		FCF7DAD715C012AA005A6586 /* UIKit.framework in Frameworks */ = {isa = PBXBuildFile; fileRef = FCF7DAD615C012AA005A6586 /* UIKit.framework */; };
		FCF7DAD915C012AA005A6586 /* Foundation.framework in Frameworks */ = {isa = PBXBuildFile; fileRef = FCF7DAD815C012AA005A6586 /* Foundation.framework */; };
		FCF7DADB15C012AA005A6586 /* CoreGraphics.framework in Frameworks */ = {isa = PBXBuildFile; fileRef = FCF7DADA15C012AA005A6586 /* CoreGraphics.framework */; };
		FCF7DAE115C012AA005A6586 /* InfoPlist.strings in Resources */ = {isa = PBXBuildFile; fileRef = FCF7DADF15C012AA005A6586 /* InfoPlist.strings */; };
		FCF7DAE315C012AA005A6586 /* main.m in Sources */ = {isa = PBXBuildFile; fileRef = FCF7DAE215C012AA005A6586 /* main.m */; };
		FCF7DAE715C012AA005A6586 /* AppDelegate.m in Sources */ = {isa = PBXBuildFile; fileRef = FCF7DAE615C012AA005A6586 /* AppDelegate.m */; };
		FCF7DAEA15C012AA005A6586 /* MainStoryboard.storyboard in Resources */ = {isa = PBXBuildFile; fileRef = FCF7DAE815C012AA005A6586 /* MainStoryboard.storyboard */; };
		FCF7DAED15C012AA005A6586 /* ViewController.m in Sources */ = {isa = PBXBuildFile; fileRef = FCF7DAEC15C012AA005A6586 /* ViewController.m */; };
		FCF7DB0815C01317005A6586 /* ASIAuthenticationDialog.m in Sources */ = {isa = PBXBuildFile; fileRef = FCF7DAF515C01317005A6586 /* ASIAuthenticationDialog.m */; settings = {COMPILER_FLAGS = "-fno-objc-arc"; }; };
		FCF7DB0915C01317005A6586 /* ASIDataCompressor.m in Sources */ = {isa = PBXBuildFile; fileRef = FCF7DAF815C01317005A6586 /* ASIDataCompressor.m */; settings = {COMPILER_FLAGS = "-fno-objc-arc"; }; };
		FCF7DB0A15C01317005A6586 /* ASIDataDecompressor.m in Sources */ = {isa = PBXBuildFile; fileRef = FCF7DAFA15C01317005A6586 /* ASIDataDecompressor.m */; settings = {COMPILER_FLAGS = "-fno-objc-arc"; }; };
		FCF7DB0B15C01317005A6586 /* ASIDownloadCache.m in Sources */ = {isa = PBXBuildFile; fileRef = FCF7DAFC15C01317005A6586 /* ASIDownloadCache.m */; settings = {COMPILER_FLAGS = "-fno-objc-arc"; }; };
		FCF7DB0C15C01317005A6586 /* ASIFormDataRequest.m in Sources */ = {isa = PBXBuildFile; fileRef = FCF7DAFE15C01317005A6586 /* ASIFormDataRequest.m */; settings = {COMPILER_FLAGS = "-fno-objc-arc"; }; };
		FCF7DB0D15C01317005A6586 /* ASIHTTPRequest.m in Sources */ = {isa = PBXBuildFile; fileRef = FCF7DB0015C01317005A6586 /* ASIHTTPRequest.m */; settings = {COMPILER_FLAGS = "-fno-objc-arc"; }; };
		FCF7DB0E15C01317005A6586 /* ASIInputStream.m in Sources */ = {isa = PBXBuildFile; fileRef = FCF7DB0415C01317005A6586 /* ASIInputStream.m */; settings = {COMPILER_FLAGS = "-fno-objc-arc"; }; };
		FCF7DB0F15C01317005A6586 /* ASINetworkQueue.m in Sources */ = {isa = PBXBuildFile; fileRef = FCF7DB0615C01317005A6586 /* ASINetworkQueue.m */; settings = {COMPILER_FLAGS = "-fno-objc-arc"; }; };
		FCF7DB1215C01328005A6586 /* Reachability.m in Sources */ = {isa = PBXBuildFile; fileRef = FCF7DB1115C01328005A6586 /* Reachability.m */; settings = {COMPILER_FLAGS = "-fno-objc-arc"; }; };
		FCF7DB1415C0133A005A6586 /* CFNetwork.framework in Frameworks */ = {isa = PBXBuildFile; fileRef = FCF7DB1315C0133A005A6586 /* CFNetwork.framework */; };
		FCF7DB1615C01346005A6586 /* libz.1.1.3.dylib in Frameworks */ = {isa = PBXBuildFile; fileRef = FCF7DB1515C01346005A6586 /* libz.1.1.3.dylib */; };
		FCF7DB1815C01350005A6586 /* SystemConfiguration.framework in Frameworks */ = {isa = PBXBuildFile; fileRef = FCF7DB1715C01350005A6586 /* SystemConfiguration.framework */; };
		FCF7DB1A15C0135C005A6586 /* MobileCoreServices.framework in Frameworks */ = {isa = PBXBuildFile; fileRef = FCF7DB1915C0135C005A6586 /* MobileCoreServices.framework */; };
		FCF7DB1D15C0156A005A6586 /* LoginViewController.m in Sources */ = {isa = PBXBuildFile; fileRef = FCF7DB1C15C0156A005A6586 /* LoginViewController.m */; };
		FCF7DB2C15C024AC005A6586 /* QuartzCore.framework in Frameworks */ = {isa = PBXBuildFile; fileRef = FCF7DB2B15C024AC005A6586 /* QuartzCore.framework */; };
		FCF7DB3C15C02562005A6586 /* LICENSE in Resources */ = {isa = PBXBuildFile; fileRef = FCF7DB2E15C02562005A6586 /* LICENSE */; };
		FCF7DB3D15C02562005A6586 /* README.md in Resources */ = {isa = PBXBuildFile; fileRef = FCF7DB2F15C02562005A6586 /* README.md */; };
		FCF7DB3E15C02562005A6586 /* SDImageCache.m in Sources */ = {isa = PBXBuildFile; fileRef = FCF7DB3115C02562005A6586 /* SDImageCache.m */; settings = {COMPILER_FLAGS = "-fno-objc-arc"; }; };
		FCF7DB3F15C02562005A6586 /* SDWebImageDownloader.m in Sources */ = {isa = PBXBuildFile; fileRef = FCF7DB3515C02562005A6586 /* SDWebImageDownloader.m */; settings = {COMPILER_FLAGS = "-fno-objc-arc"; }; };
		FCF7DB4015C02562005A6586 /* SDWebImageManager.m in Sources */ = {isa = PBXBuildFile; fileRef = FCF7DB3815C02562005A6586 /* SDWebImageManager.m */; settings = {COMPILER_FLAGS = "-fno-objc-arc"; }; };
		FCF7DB4115C02562005A6586 /* UIImageView+WebCache.m in Sources */ = {isa = PBXBuildFile; fileRef = FCF7DB3B15C02562005A6586 /* UIImageView+WebCache.m */; settings = {COMPILER_FLAGS = "-fno-objc-arc"; }; };
		FCF7DB4915C02640005A6586 /* ImageViewCell.m in Sources */ = {isa = PBXBuildFile; fileRef = FCF7DB4415C02640005A6586 /* ImageViewCell.m */; settings = {COMPILER_FLAGS = "-fno-objc-arc"; }; };
		FCF7DB4A15C02640005A6586 /* WaterFlowView.m in Sources */ = {isa = PBXBuildFile; fileRef = FCF7DB4615C02640005A6586 /* WaterFlowView.m */; settings = {COMPILER_FLAGS = "-fno-objc-arc"; }; };
		FCF7DB4B15C02640005A6586 /* WaterFlowViewCell.m in Sources */ = {isa = PBXBuildFile; fileRef = FCF7DB4815C02640005A6586 /* WaterFlowViewCell.m */; settings = {COMPILER_FLAGS = "-fno-objc-arc"; }; };
		FCF7DB5015C02724005A6586 /* blueArrow.png in Resources */ = {isa = PBXBuildFile; fileRef = FCF7DB4D15C02724005A6586 /* blueArrow.png */; };
		FCF7DB5115C02724005A6586 /* EGORefreshTableHeaderView.m in Sources */ = {isa = PBXBuildFile; fileRef = FCF7DB4F15C02724005A6586 /* EGORefreshTableHeaderView.m */; settings = {COMPILER_FLAGS = "-fno-objc-arc"; }; };
		FCF7DB5515C027AE005A6586 /* LoadingMoreFooterView.m in Sources */ = {isa = PBXBuildFile; fileRef = FCF7DB5415C027AE005A6586 /* LoadingMoreFooterView.m */; settings = {COMPILER_FLAGS = "-fno-objc-arc"; }; };
		FCF8B21815E33CFE0059C0A0 /* UIView+WhenTappedBlocks.m in Sources */ = {isa = PBXBuildFile; fileRef = FCF8B21715E33CFE0059C0A0 /* UIView+WhenTappedBlocks.m */; };
/* End PBXBuildFile section */

/* Begin PBXFileReference section */
		FC03895615DA6B31004B998B /* FriendsViewController.h */ = {isa = PBXFileReference; fileEncoding = 4; lastKnownFileType = sourcecode.c.h; path = FriendsViewController.h; sourceTree = "<group>"; };
		FC03895715DA6B31004B998B /* FriendsViewController.m */ = {isa = PBXFileReference; fileEncoding = 4; lastKnownFileType = sourcecode.c.objc; path = FriendsViewController.m; sourceTree = "<group>"; };
		FC03895A15DA6C47004B998B /* FriendsTableCell.h */ = {isa = PBXFileReference; fileEncoding = 4; lastKnownFileType = sourcecode.c.h; path = FriendsTableCell.h; sourceTree = "<group>"; };
		FC03895B15DA6C47004B998B /* FriendsTableCell.m */ = {isa = PBXFileReference; fileEncoding = 4; lastKnownFileType = sourcecode.c.objc; path = FriendsTableCell.m; sourceTree = "<group>"; };
		FC0A0CA815CE6CE400AC80F6 /* BSViewController.h */ = {isa = PBXFileReference; fileEncoding = 4; lastKnownFileType = sourcecode.c.h; path = BSViewController.h; sourceTree = "<group>"; };
		FC0A0CA915CE6CE400AC80F6 /* BSViewController.m */ = {isa = PBXFileReference; fileEncoding = 4; lastKnownFileType = sourcecode.c.objc; path = BSViewController.m; sourceTree = "<group>"; };
		FC3E1E5F15CB950E00E185D5 /* BSHeader.h */ = {isa = PBXFileReference; fileEncoding = 4; lastKnownFileType = sourcecode.c.h; path = BSHeader.h; sourceTree = "<group>"; };
		FC3E1E6015CB950E00E185D5 /* BSHeader.m */ = {isa = PBXFileReference; fileEncoding = 4; lastKnownFileType = sourcecode.c.objc; path = BSHeader.m; sourceTree = "<group>"; };
		FC3E1E6215CB960800E185D5 /* WBViewController.h */ = {isa = PBXFileReference; fileEncoding = 4; lastKnownFileType = sourcecode.c.h; path = WBViewController.h; sourceTree = "<group>"; };
		FC3E1E6315CB960800E185D5 /* WBViewController.m */ = {isa = PBXFileReference; fileEncoding = 4; lastKnownFileType = sourcecode.c.objc; path = WBViewController.m; sourceTree = "<group>"; };
		FC3E1E6515CB97AE00E185D5 /* Constance.h */ = {isa = PBXFileReference; fileEncoding = 4; lastKnownFileType = sourcecode.c.h; path = Constance.h; sourceTree = "<group>"; };
		FC449D2E15DE52A000B0BF90 /* LibViewController.h */ = {isa = PBXFileReference; fileEncoding = 4; lastKnownFileType = sourcecode.c.h; path = LibViewController.h; sourceTree = "<group>"; };
		FC449D2F15DE52A000B0BF90 /* LibViewController.m */ = {isa = PBXFileReference; fileEncoding = 4; lastKnownFileType = sourcecode.c.objc; path = LibViewController.m; sourceTree = "<group>"; };
		FC61F8ED15DBB3AB000E3178 /* com_btn_check.png */ = {isa = PBXFileReference; lastKnownFileType = image.png; path = com_btn_check.png; sourceTree = "<group>"; };
		FC61F8EE15DBB3AB000E3178 /* com_btn_checked.png */ = {isa = PBXFileReference; lastKnownFileType = image.png; path = com_btn_checked.png; sourceTree = "<group>"; };
		FC8ACEEB15F8BE630014AAB4 /* 111.jpeg */ = {isa = PBXFileReference; lastKnownFileType = image.jpeg; path = 111.jpeg; sourceTree = "<group>"; };
		FCBA959815EA594B0079A7C6 /* ProfileViewController.h */ = {isa = PBXFileReference; fileEncoding = 4; lastKnownFileType = sourcecode.c.h; path = ProfileViewController.h; sourceTree = "<group>"; };
		FCBA959915EA594B0079A7C6 /* ProfileViewController.m */ = {isa = PBXFileReference; fileEncoding = 4; lastKnownFileType = sourcecode.c.objc; path = ProfileViewController.m; sourceTree = "<group>"; };
		FCCD876515E0E9F0001EF8CE /* tab_feed.png */ = {isa = PBXFileReference; lastKnownFileType = image.png; path = tab_feed.png; sourceTree = "<group>"; };
		FCCD876815E0F450001EF8CE /* Wallet.png */ = {isa = PBXFileReference; lastKnownFileType = image.png; path = Wallet.png; sourceTree = "<group>"; };
		FCCD876A15E0F915001EF8CE /* tab-me.png */ = {isa = PBXFileReference; lastKnownFileType = image.png; path = "tab-me.png"; sourceTree = "<group>"; };
		FCCD876C15E0FA2E001EF8CE /* ICN_more.png */ = {isa = PBXFileReference; lastKnownFileType = image.png; path = ICN_more.png; sourceTree = "<group>"; };
		FCCD876E15E0FAB5001EF8CE /* camera_button_take.png */ = {isa = PBXFileReference; lastKnownFileType = image.png; path = camera_button_take.png; sourceTree = "<group>"; };
		FCCD877015E0FC1E001EF8CE /* Scanner.png */ = {isa = PBXFileReference; lastKnownFileType = image.png; path = Scanner.png; sourceTree = "<group>"; };
		FCCD877A15E11DDD001EF8CE /* comment.png */ = {isa = PBXFileReference; lastKnownFileType = image.png; path = comment.png; sourceTree = "<group>"; };
		FCCD877B15E11DDE001EF8CE /* invite.png */ = {isa = PBXFileReference; lastKnownFileType = image.png; path = invite.png; sourceTree = "<group>"; };
		FCCD877E15E11EA5001EF8CE /* bag_red.png */ = {isa = PBXFileReference; lastKnownFileType = image.png; path = bag_red.png; sourceTree = "<group>"; };
		FCE21CE315FA02BC00D22766 /* MJPopupBackgroundView.h */ = {isa = PBXFileReference; fileEncoding = 4; lastKnownFileType = sourcecode.c.h; path = MJPopupBackgroundView.h; sourceTree = "<group>"; };
		FCE21CE415FA02BC00D22766 /* MJPopupBackgroundView.m */ = {isa = PBXFileReference; fileEncoding = 4; lastKnownFileType = sourcecode.c.objc; path = MJPopupBackgroundView.m; sourceTree = "<group>"; };
		FCE21CE515FA02BC00D22766 /* UIViewController+MJPopupViewController.h */ = {isa = PBXFileReference; fileEncoding = 4; lastKnownFileType = sourcecode.c.h; path = "UIViewController+MJPopupViewController.h"; sourceTree = "<group>"; };
		FCE21CE615FA02BC00D22766 /* UIViewController+MJPopupViewController.m */ = {isa = PBXFileReference; fileEncoding = 4; lastKnownFileType = sourcecode.c.objc; path = "UIViewController+MJPopupViewController.m"; sourceTree = "<group>"; };
		FCE21CE915FA032C00D22766 /* PupupViewController.h */ = {isa = PBXFileReference; fileEncoding = 4; lastKnownFileType = sourcecode.c.h; path = PupupViewController.h; sourceTree = "<group>"; };
		FCE21CEA15FA032C00D22766 /* PupupViewController.m */ = {isa = PBXFileReference; fileEncoding = 4; lastKnownFileType = sourcecode.c.objc; path = PupupViewController.m; sourceTree = "<group>"; };
		FCE21CEB15FA032C00D22766 /* PupupViewController.xib */ = {isa = PBXFileReference; fileEncoding = 4; lastKnownFileType = file.xib; path = PupupViewController.xib; sourceTree = "<group>"; };
		FCE21CEF15FA0A5D00D22766 /* CMGradientLayer.h */ = {isa = PBXFileReference; fileEncoding = 4; lastKnownFileType = sourcecode.c.h; path = CMGradientLayer.h; sourceTree = "<group>"; };
		FCE21CF015FA0A5D00D22766 /* CMGradientLayer.m */ = {isa = PBXFileReference; fileEncoding = 4; lastKnownFileType = sourcecode.c.objc; path = CMGradientLayer.m; sourceTree = "<group>"; };
		FCE21CF115FA0A5D00D22766 /* GradientView.h */ = {isa = PBXFileReference; fileEncoding = 4; lastKnownFileType = sourcecode.c.h; path = GradientView.h; sourceTree = "<group>"; };
		FCE21CF215FA0A5D00D22766 /* GradientView.m */ = {isa = PBXFileReference; fileEncoding = 4; lastKnownFileType = sourcecode.c.objc; path = GradientView.m; sourceTree = "<group>"; };
		FCE21CF515FA11DC00D22766 /* star1.png */ = {isa = PBXFileReference; lastKnownFileType = image.png; path = star1.png; sourceTree = "<group>"; };
		FCE21CF615FA11DC00D22766 /* star2.png */ = {isa = PBXFileReference; lastKnownFileType = image.png; path = star2.png; sourceTree = "<group>"; };
		FCE21CF715FA11DC00D22766 /* star3.png */ = {isa = PBXFileReference; lastKnownFileType = image.png; path = star3.png; sourceTree = "<group>"; };
		FCE21CF815FA11DC00D22766 /* star4.png */ = {isa = PBXFileReference; lastKnownFileType = image.png; path = star4.png; sourceTree = "<group>"; };
		FCE2AE3115DA0C62000FD85B /* WBCommentViewController.h */ = {isa = PBXFileReference; fileEncoding = 4; lastKnownFileType = sourcecode.c.h; path = WBCommentViewController.h; sourceTree = "<group>"; };
		FCE2AE3215DA0C62000FD85B /* WBCommentViewController.m */ = {isa = PBXFileReference; fileEncoding = 4; lastKnownFileType = sourcecode.c.objc; path = WBCommentViewController.m; sourceTree = "<group>"; };
		FCEC467015DEB301006EAF2E /* concrete_wall_3.png */ = {isa = PBXFileReference; lastKnownFileType = image.png; path = concrete_wall_3.png; sourceTree = "<group>"; };
		FCEC467715DEB8A1006EAF2E /* capture-button.png */ = {isa = PBXFileReference; lastKnownFileType = image.png; path = "capture-button.png"; sourceTree = "<group>"; };
		FCED8B8815E4E07100BEA2C0 /* back.png */ = {isa = PBXFileReference; lastKnownFileType = image.png; path = back.png; sourceTree = "<group>"; };
		FCF7DAD215C012AA005A6586 /* puuten.app */ = {isa = PBXFileReference; explicitFileType = wrapper.application; includeInIndex = 0; path = puuten.app; sourceTree = BUILT_PRODUCTS_DIR; };
		FCF7DAD615C012AA005A6586 /* UIKit.framework */ = {isa = PBXFileReference; lastKnownFileType = wrapper.framework; name = UIKit.framework; path = System/Library/Frameworks/UIKit.framework; sourceTree = SDKROOT; };
		FCF7DAD815C012AA005A6586 /* Foundation.framework */ = {isa = PBXFileReference; lastKnownFileType = wrapper.framework; name = Foundation.framework; path = System/Library/Frameworks/Foundation.framework; sourceTree = SDKROOT; };
		FCF7DADA15C012AA005A6586 /* CoreGraphics.framework */ = {isa = PBXFileReference; lastKnownFileType = wrapper.framework; name = CoreGraphics.framework; path = System/Library/Frameworks/CoreGraphics.framework; sourceTree = SDKROOT; };
		FCF7DADE15C012AA005A6586 /* puuten-Info.plist */ = {isa = PBXFileReference; lastKnownFileType = text.plist.xml; path = "puuten-Info.plist"; sourceTree = "<group>"; };
		FCF7DAE015C012AA005A6586 /* en */ = {isa = PBXFileReference; lastKnownFileType = text.plist.strings; name = en; path = en.lproj/InfoPlist.strings; sourceTree = "<group>"; };
		FCF7DAE215C012AA005A6586 /* main.m */ = {isa = PBXFileReference; lastKnownFileType = sourcecode.c.objc; path = main.m; sourceTree = "<group>"; };
		FCF7DAE415C012AA005A6586 /* puuten-Prefix.pch */ = {isa = PBXFileReference; lastKnownFileType = sourcecode.c.h; path = "puuten-Prefix.pch"; sourceTree = "<group>"; };
		FCF7DAE515C012AA005A6586 /* AppDelegate.h */ = {isa = PBXFileReference; lastKnownFileType = sourcecode.c.h; path = AppDelegate.h; sourceTree = "<group>"; };
		FCF7DAE615C012AA005A6586 /* AppDelegate.m */ = {isa = PBXFileReference; lastKnownFileType = sourcecode.c.objc; path = AppDelegate.m; sourceTree = "<group>"; };
		FCF7DAE915C012AA005A6586 /* en */ = {isa = PBXFileReference; lastKnownFileType = file.storyboard; name = en; path = en.lproj/MainStoryboard.storyboard; sourceTree = "<group>"; };
		FCF7DAEB15C012AA005A6586 /* ViewController.h */ = {isa = PBXFileReference; lastKnownFileType = sourcecode.c.h; path = ViewController.h; sourceTree = "<group>"; };
		FCF7DAEC15C012AA005A6586 /* ViewController.m */ = {isa = PBXFileReference; lastKnownFileType = sourcecode.c.objc; path = ViewController.m; sourceTree = "<group>"; };
		FCF7DAF415C01317005A6586 /* ASIAuthenticationDialog.h */ = {isa = PBXFileReference; fileEncoding = 4; lastKnownFileType = sourcecode.c.h; path = ASIAuthenticationDialog.h; sourceTree = "<group>"; };
		FCF7DAF515C01317005A6586 /* ASIAuthenticationDialog.m */ = {isa = PBXFileReference; fileEncoding = 4; lastKnownFileType = sourcecode.c.objc; path = ASIAuthenticationDialog.m; sourceTree = "<group>"; };
		FCF7DAF615C01317005A6586 /* ASICacheDelegate.h */ = {isa = PBXFileReference; fileEncoding = 4; lastKnownFileType = sourcecode.c.h; path = ASICacheDelegate.h; sourceTree = "<group>"; };
		FCF7DAF715C01317005A6586 /* ASIDataCompressor.h */ = {isa = PBXFileReference; fileEncoding = 4; lastKnownFileType = sourcecode.c.h; path = ASIDataCompressor.h; sourceTree = "<group>"; };
		FCF7DAF815C01317005A6586 /* ASIDataCompressor.m */ = {isa = PBXFileReference; fileEncoding = 4; lastKnownFileType = sourcecode.c.objc; path = ASIDataCompressor.m; sourceTree = "<group>"; };
		FCF7DAF915C01317005A6586 /* ASIDataDecompressor.h */ = {isa = PBXFileReference; fileEncoding = 4; lastKnownFileType = sourcecode.c.h; path = ASIDataDecompressor.h; sourceTree = "<group>"; };
		FCF7DAFA15C01317005A6586 /* ASIDataDecompressor.m */ = {isa = PBXFileReference; fileEncoding = 4; lastKnownFileType = sourcecode.c.objc; path = ASIDataDecompressor.m; sourceTree = "<group>"; };
		FCF7DAFB15C01317005A6586 /* ASIDownloadCache.h */ = {isa = PBXFileReference; fileEncoding = 4; lastKnownFileType = sourcecode.c.h; path = ASIDownloadCache.h; sourceTree = "<group>"; };
		FCF7DAFC15C01317005A6586 /* ASIDownloadCache.m */ = {isa = PBXFileReference; fileEncoding = 4; lastKnownFileType = sourcecode.c.objc; path = ASIDownloadCache.m; sourceTree = "<group>"; };
		FCF7DAFD15C01317005A6586 /* ASIFormDataRequest.h */ = {isa = PBXFileReference; fileEncoding = 4; lastKnownFileType = sourcecode.c.h; path = ASIFormDataRequest.h; sourceTree = "<group>"; };
		FCF7DAFE15C01317005A6586 /* ASIFormDataRequest.m */ = {isa = PBXFileReference; fileEncoding = 4; lastKnownFileType = sourcecode.c.objc; path = ASIFormDataRequest.m; sourceTree = "<group>"; };
		FCF7DAFF15C01317005A6586 /* ASIHTTPRequest.h */ = {isa = PBXFileReference; fileEncoding = 4; lastKnownFileType = sourcecode.c.h; path = ASIHTTPRequest.h; sourceTree = "<group>"; };
		FCF7DB0015C01317005A6586 /* ASIHTTPRequest.m */ = {isa = PBXFileReference; fileEncoding = 4; lastKnownFileType = sourcecode.c.objc; path = ASIHTTPRequest.m; sourceTree = "<group>"; };
		FCF7DB0115C01317005A6586 /* ASIHTTPRequestConfig.h */ = {isa = PBXFileReference; fileEncoding = 4; lastKnownFileType = sourcecode.c.h; path = ASIHTTPRequestConfig.h; sourceTree = "<group>"; };
		FCF7DB0215C01317005A6586 /* ASIHTTPRequestDelegate.h */ = {isa = PBXFileReference; fileEncoding = 4; lastKnownFileType = sourcecode.c.h; path = ASIHTTPRequestDelegate.h; sourceTree = "<group>"; };
		FCF7DB0315C01317005A6586 /* ASIInputStream.h */ = {isa = PBXFileReference; fileEncoding = 4; lastKnownFileType = sourcecode.c.h; path = ASIInputStream.h; sourceTree = "<group>"; };
		FCF7DB0415C01317005A6586 /* ASIInputStream.m */ = {isa = PBXFileReference; fileEncoding = 4; lastKnownFileType = sourcecode.c.objc; path = ASIInputStream.m; sourceTree = "<group>"; };
		FCF7DB0515C01317005A6586 /* ASINetworkQueue.h */ = {isa = PBXFileReference; fileEncoding = 4; lastKnownFileType = sourcecode.c.h; path = ASINetworkQueue.h; sourceTree = "<group>"; };
		FCF7DB0615C01317005A6586 /* ASINetworkQueue.m */ = {isa = PBXFileReference; fileEncoding = 4; lastKnownFileType = sourcecode.c.objc; path = ASINetworkQueue.m; sourceTree = "<group>"; };
		FCF7DB0715C01317005A6586 /* ASIProgressDelegate.h */ = {isa = PBXFileReference; fileEncoding = 4; lastKnownFileType = sourcecode.c.h; path = ASIProgressDelegate.h; sourceTree = "<group>"; };
		FCF7DB1015C01328005A6586 /* Reachability.h */ = {isa = PBXFileReference; fileEncoding = 4; lastKnownFileType = sourcecode.c.h; path = Reachability.h; sourceTree = "<group>"; };
		FCF7DB1115C01328005A6586 /* Reachability.m */ = {isa = PBXFileReference; fileEncoding = 4; lastKnownFileType = sourcecode.c.objc; path = Reachability.m; sourceTree = "<group>"; };
		FCF7DB1315C0133A005A6586 /* CFNetwork.framework */ = {isa = PBXFileReference; lastKnownFileType = wrapper.framework; name = CFNetwork.framework; path = System/Library/Frameworks/CFNetwork.framework; sourceTree = SDKROOT; };
		FCF7DB1515C01346005A6586 /* libz.1.1.3.dylib */ = {isa = PBXFileReference; lastKnownFileType = "compiled.mach-o.dylib"; name = libz.1.1.3.dylib; path = usr/lib/libz.1.1.3.dylib; sourceTree = SDKROOT; };
		FCF7DB1715C01350005A6586 /* SystemConfiguration.framework */ = {isa = PBXFileReference; lastKnownFileType = wrapper.framework; name = SystemConfiguration.framework; path = System/Library/Frameworks/SystemConfiguration.framework; sourceTree = SDKROOT; };
		FCF7DB1915C0135C005A6586 /* MobileCoreServices.framework */ = {isa = PBXFileReference; lastKnownFileType = wrapper.framework; name = MobileCoreServices.framework; path = System/Library/Frameworks/MobileCoreServices.framework; sourceTree = SDKROOT; };
		FCF7DB1B15C0156A005A6586 /* LoginViewController.h */ = {isa = PBXFileReference; fileEncoding = 4; lastKnownFileType = sourcecode.c.h; path = LoginViewController.h; sourceTree = "<group>"; };
		FCF7DB1C15C0156A005A6586 /* LoginViewController.m */ = {isa = PBXFileReference; fileEncoding = 4; lastKnownFileType = sourcecode.c.objc; path = LoginViewController.m; sourceTree = "<group>"; };
		FCF7DB2B15C024AC005A6586 /* QuartzCore.framework */ = {isa = PBXFileReference; lastKnownFileType = wrapper.framework; name = QuartzCore.framework; path = System/Library/Frameworks/QuartzCore.framework; sourceTree = SDKROOT; };
		FCF7DB2E15C02562005A6586 /* LICENSE */ = {isa = PBXFileReference; fileEncoding = 4; lastKnownFileType = text; path = LICENSE; sourceTree = "<group>"; };
		FCF7DB2F15C02562005A6586 /* README.md */ = {isa = PBXFileReference; fileEncoding = 4; lastKnownFileType = text; path = README.md; sourceTree = "<group>"; };
		FCF7DB3015C02562005A6586 /* SDImageCache.h */ = {isa = PBXFileReference; fileEncoding = 4; lastKnownFileType = sourcecode.c.h; path = SDImageCache.h; sourceTree = "<group>"; };
		FCF7DB3115C02562005A6586 /* SDImageCache.m */ = {isa = PBXFileReference; fileEncoding = 4; lastKnownFileType = sourcecode.c.objc; path = SDImageCache.m; sourceTree = "<group>"; };
		FCF7DB3215C02562005A6586 /* SDImageCacheDelegate.h */ = {isa = PBXFileReference; fileEncoding = 4; lastKnownFileType = sourcecode.c.h; path = SDImageCacheDelegate.h; sourceTree = "<group>"; };
		FCF7DB3315C02562005A6586 /* SDWebImageCompat.h */ = {isa = PBXFileReference; fileEncoding = 4; lastKnownFileType = sourcecode.c.h; path = SDWebImageCompat.h; sourceTree = "<group>"; };
		FCF7DB3415C02562005A6586 /* SDWebImageDownloader.h */ = {isa = PBXFileReference; fileEncoding = 4; lastKnownFileType = sourcecode.c.h; path = SDWebImageDownloader.h; sourceTree = "<group>"; };
		FCF7DB3515C02562005A6586 /* SDWebImageDownloader.m */ = {isa = PBXFileReference; fileEncoding = 4; lastKnownFileType = sourcecode.c.objc; path = SDWebImageDownloader.m; sourceTree = "<group>"; };
		FCF7DB3615C02562005A6586 /* SDWebImageDownloaderDelegate.h */ = {isa = PBXFileReference; fileEncoding = 4; lastKnownFileType = sourcecode.c.h; path = SDWebImageDownloaderDelegate.h; sourceTree = "<group>"; };
		FCF7DB3715C02562005A6586 /* SDWebImageManager.h */ = {isa = PBXFileReference; fileEncoding = 4; lastKnownFileType = sourcecode.c.h; path = SDWebImageManager.h; sourceTree = "<group>"; };
		FCF7DB3815C02562005A6586 /* SDWebImageManager.m */ = {isa = PBXFileReference; fileEncoding = 4; lastKnownFileType = sourcecode.c.objc; path = SDWebImageManager.m; sourceTree = "<group>"; };
		FCF7DB3915C02562005A6586 /* SDWebImageManagerDelegate.h */ = {isa = PBXFileReference; fileEncoding = 4; lastKnownFileType = sourcecode.c.h; path = SDWebImageManagerDelegate.h; sourceTree = "<group>"; };
		FCF7DB3A15C02562005A6586 /* UIImageView+WebCache.h */ = {isa = PBXFileReference; fileEncoding = 4; lastKnownFileType = sourcecode.c.h; path = "UIImageView+WebCache.h"; sourceTree = "<group>"; };
		FCF7DB3B15C02562005A6586 /* UIImageView+WebCache.m */ = {isa = PBXFileReference; fileEncoding = 4; lastKnownFileType = sourcecode.c.objc; path = "UIImageView+WebCache.m"; sourceTree = "<group>"; };
		FCF7DB4315C02640005A6586 /* ImageViewCell.h */ = {isa = PBXFileReference; fileEncoding = 4; lastKnownFileType = sourcecode.c.h; path = ImageViewCell.h; sourceTree = "<group>"; };
		FCF7DB4415C02640005A6586 /* ImageViewCell.m */ = {isa = PBXFileReference; fileEncoding = 4; lastKnownFileType = sourcecode.c.objc; path = ImageViewCell.m; sourceTree = "<group>"; };
		FCF7DB4515C02640005A6586 /* WaterFlowView.h */ = {isa = PBXFileReference; fileEncoding = 4; lastKnownFileType = sourcecode.c.h; path = WaterFlowView.h; sourceTree = "<group>"; };
		FCF7DB4615C02640005A6586 /* WaterFlowView.m */ = {isa = PBXFileReference; fileEncoding = 4; lastKnownFileType = sourcecode.c.objc; path = WaterFlowView.m; sourceTree = "<group>"; };
		FCF7DB4715C02640005A6586 /* WaterFlowViewCell.h */ = {isa = PBXFileReference; fileEncoding = 4; lastKnownFileType = sourcecode.c.h; path = WaterFlowViewCell.h; sourceTree = "<group>"; };
		FCF7DB4815C02640005A6586 /* WaterFlowViewCell.m */ = {isa = PBXFileReference; fileEncoding = 4; lastKnownFileType = sourcecode.c.objc; path = WaterFlowViewCell.m; sourceTree = "<group>"; };
		FCF7DB4D15C02724005A6586 /* blueArrow.png */ = {isa = PBXFileReference; lastKnownFileType = image.png; path = blueArrow.png; sourceTree = "<group>"; };
		FCF7DB4E15C02724005A6586 /* EGORefreshTableHeaderView.h */ = {isa = PBXFileReference; fileEncoding = 4; lastKnownFileType = sourcecode.c.h; path = EGORefreshTableHeaderView.h; sourceTree = "<group>"; };
		FCF7DB4F15C02724005A6586 /* EGORefreshTableHeaderView.m */ = {isa = PBXFileReference; fileEncoding = 4; lastKnownFileType = sourcecode.c.objc; path = EGORefreshTableHeaderView.m; sourceTree = "<group>"; };
		FCF7DB5315C027AE005A6586 /* LoadingMoreFooterView.h */ = {isa = PBXFileReference; fileEncoding = 4; lastKnownFileType = sourcecode.c.h; path = LoadingMoreFooterView.h; sourceTree = "<group>"; };
		FCF7DB5415C027AE005A6586 /* LoadingMoreFooterView.m */ = {isa = PBXFileReference; fileEncoding = 4; lastKnownFileType = sourcecode.c.objc; path = LoadingMoreFooterView.m; sourceTree = "<group>"; };
		FCF8B21515E33CFE0059C0A0 /* JMWhenTapped.h */ = {isa = PBXFileReference; fileEncoding = 4; lastKnownFileType = sourcecode.c.h; path = JMWhenTapped.h; sourceTree = "<group>"; };
		FCF8B21615E33CFE0059C0A0 /* UIView+WhenTappedBlocks.h */ = {isa = PBXFileReference; fileEncoding = 4; lastKnownFileType = sourcecode.c.h; path = "UIView+WhenTappedBlocks.h"; sourceTree = "<group>"; };
		FCF8B21715E33CFE0059C0A0 /* UIView+WhenTappedBlocks.m */ = {isa = PBXFileReference; fileEncoding = 4; lastKnownFileType = sourcecode.c.objc; path = "UIView+WhenTappedBlocks.m"; sourceTree = "<group>"; };
/* End PBXFileReference section */

/* Begin PBXFrameworksBuildPhase section */
		FCF7DACF15C012AA005A6586 /* Frameworks */ = {
			isa = PBXFrameworksBuildPhase;
			buildActionMask = 2147483647;
			files = (
				FCF7DB2C15C024AC005A6586 /* QuartzCore.framework in Frameworks */,
				FCF7DB1A15C0135C005A6586 /* MobileCoreServices.framework in Frameworks */,
				FCF7DB1815C01350005A6586 /* SystemConfiguration.framework in Frameworks */,
				FCF7DB1615C01346005A6586 /* libz.1.1.3.dylib in Frameworks */,
				FCF7DB1415C0133A005A6586 /* CFNetwork.framework in Frameworks */,
				FCF7DAD715C012AA005A6586 /* UIKit.framework in Frameworks */,
				FCF7DAD915C012AA005A6586 /* Foundation.framework in Frameworks */,
				FCF7DADB15C012AA005A6586 /* CoreGraphics.framework in Frameworks */,
			);
			runOnlyForDeploymentPostprocessing = 0;
		};
/* End PBXFrameworksBuildPhase section */

/* Begin PBXGroup section */
		FC3E1E5D15CB94F300E185D5 /* models */ = {
			isa = PBXGroup;
			children = (
				FC3E1E5F15CB950E00E185D5 /* BSHeader.h */,
				FC3E1E6015CB950E00E185D5 /* BSHeader.m */,
			);
			name = models;
			sourceTree = "<group>";
		};
		FC61F8EC15DBB35E000E3178 /* images */ = {
			isa = PBXGroup;
			children = (
				FCE21CF515FA11DC00D22766 /* star1.png */,
				FCE21CF615FA11DC00D22766 /* star2.png */,
				FCE21CF715FA11DC00D22766 /* star3.png */,
				FCE21CF815FA11DC00D22766 /* star4.png */,
				FC8ACEEB15F8BE630014AAB4 /* 111.jpeg */,
				FCED8B8815E4E07100BEA2C0 /* back.png */,
				FCCD877E15E11EA5001EF8CE /* bag_red.png */,
				FCCD877A15E11DDD001EF8CE /* comment.png */,
				FCCD877B15E11DDE001EF8CE /* invite.png */,
				FCCD877015E0FC1E001EF8CE /* Scanner.png */,
				FCCD876E15E0FAB5001EF8CE /* camera_button_take.png */,
				FCCD876C15E0FA2E001EF8CE /* ICN_more.png */,
				FCCD876A15E0F915001EF8CE /* tab-me.png */,
				FCEC467715DEB8A1006EAF2E /* capture-button.png */,
				FC61F8ED15DBB3AB000E3178 /* com_btn_check.png */,
				FC61F8EE15DBB3AB000E3178 /* com_btn_checked.png */,
				FCEC467015DEB301006EAF2E /* concrete_wall_3.png */,
				FCCD876515E0E9F0001EF8CE /* tab_feed.png */,
				FCCD876815E0F450001EF8CE /* Wallet.png */,
			);
			name = images;
			sourceTree = "<group>";
		};
		FCE21CE115FA012000D22766 /* MJPopup */ = {
			isa = PBXGroup;
			children = (
				FCE21CE315FA02BC00D22766 /* MJPopupBackgroundView.h */,
				FCE21CE415FA02BC00D22766 /* MJPopupBackgroundView.m */,
				FCE21CE515FA02BC00D22766 /* UIViewController+MJPopupViewController.h */,
				FCE21CE615FA02BC00D22766 /* UIViewController+MJPopupViewController.m */,
			);
			name = MJPopup;
			sourceTree = "<group>";
		};
		FCE21CEE15FA0A2600D22766 /* gradient background */ = {
			isa = PBXGroup;
			children = (
				FCE21CEF15FA0A5D00D22766 /* CMGradientLayer.h */,
				FCE21CF015FA0A5D00D22766 /* CMGradientLayer.m */,
				FCE21CF115FA0A5D00D22766 /* GradientView.h */,
				FCE21CF215FA0A5D00D22766 /* GradientView.m */,
			);
			name = "gradient background";
			sourceTree = "<group>";
		};
		FCF7DAC715C012A9005A6586 = {
			isa = PBXGroup;
			children = (
				FC3E1E5D15CB94F300E185D5 /* models */,
				FCF7DB2A15C0246D005A6586 /* support */,
				FCF7DADC15C012AA005A6586 /* puuten */,
				FCF7DAD515C012AA005A6586 /* Frameworks */,
				FCF7DAD315C012AA005A6586 /* Products */,
			);
			sourceTree = "<group>";
		};
		FCF7DAD315C012AA005A6586 /* Products */ = {
			isa = PBXGroup;
			children = (
				FCF7DAD215C012AA005A6586 /* puuten.app */,
			);
			name = Products;
			sourceTree = "<group>";
		};
		FCF7DAD515C012AA005A6586 /* Frameworks */ = {
			isa = PBXGroup;
			children = (
				FCF7DB2B15C024AC005A6586 /* QuartzCore.framework */,
				FCF7DB1915C0135C005A6586 /* MobileCoreServices.framework */,
				FCF7DB1715C01350005A6586 /* SystemConfiguration.framework */,
				FCF7DB1515C01346005A6586 /* libz.1.1.3.dylib */,
				FCF7DB1315C0133A005A6586 /* CFNetwork.framework */,
				FCF7DAD615C012AA005A6586 /* UIKit.framework */,
				FCF7DAD815C012AA005A6586 /* Foundation.framework */,
				FCF7DADA15C012AA005A6586 /* CoreGraphics.framework */,
			);
			name = Frameworks;
			sourceTree = "<group>";
		};
		FCF7DADC15C012AA005A6586 /* puuten */ = {
			isa = PBXGroup;
			children = (
				FCF7DAE515C012AA005A6586 /* AppDelegate.h */,
				FCF7DAE615C012AA005A6586 /* AppDelegate.m */,
				FCF7DAE815C012AA005A6586 /* MainStoryboard.storyboard */,
				FCF7DAEB15C012AA005A6586 /* ViewController.h */,
				FCF7DAEC15C012AA005A6586 /* ViewController.m */,
				FCF7DADD15C012AA005A6586 /* Supporting Files */,
				FCF7DB1B15C0156A005A6586 /* LoginViewController.h */,
				FCF7DB1C15C0156A005A6586 /* LoginViewController.m */,
				FC3E1E6215CB960800E185D5 /* WBViewController.h */,
				FC3E1E6315CB960800E185D5 /* WBViewController.m */,
				FC0A0CA815CE6CE400AC80F6 /* BSViewController.h */,
				FC0A0CA915CE6CE400AC80F6 /* BSViewController.m */,
				FCE2AE3115DA0C62000FD85B /* WBCommentViewController.h */,
				FCE2AE3215DA0C62000FD85B /* WBCommentViewController.m */,
				FC03895615DA6B31004B998B /* FriendsViewController.h */,
				FC03895715DA6B31004B998B /* FriendsViewController.m */,
				FC03895A15DA6C47004B998B /* FriendsTableCell.h */,
				FC03895B15DA6C47004B998B /* FriendsTableCell.m */,
				FC449D2E15DE52A000B0BF90 /* LibViewController.h */,
				FC449D2F15DE52A000B0BF90 /* LibViewController.m */,
				FCBA959815EA594B0079A7C6 /* ProfileViewController.h */,
				FCBA959915EA594B0079A7C6 /* ProfileViewController.m */,
				FCE21CE915FA032C00D22766 /* PupupViewController.h */,
				FCE21CEA15FA032C00D22766 /* PupupViewController.m */,
				FCE21CEB15FA032C00D22766 /* PupupViewController.xib */,
			);
			path = puuten;
			sourceTree = "<group>";
		};
		FCF7DADD15C012AA005A6586 /* Supporting Files */ = {
			isa = PBXGroup;
			children = (
				FCF7DADE15C012AA005A6586 /* puuten-Info.plist */,
				FCF7DADF15C012AA005A6586 /* InfoPlist.strings */,
				FCF7DAE215C012AA005A6586 /* main.m */,
				FCF7DAE415C012AA005A6586 /* puuten-Prefix.pch */,
			);
			name = "Supporting Files";
			sourceTree = "<group>";
		};
		FCF7DAF315C012F1005A6586 /* ASIHTTPRequest */ = {
			isa = PBXGroup;
			children = (
				FCF7DB1015C01328005A6586 /* Reachability.h */,
				FCF7DB1115C01328005A6586 /* Reachability.m */,
				FCF7DAF415C01317005A6586 /* ASIAuthenticationDialog.h */,
				FCF7DAF515C01317005A6586 /* ASIAuthenticationDialog.m */,
				FCF7DAF615C01317005A6586 /* ASICacheDelegate.h */,
				FCF7DAF715C01317005A6586 /* ASIDataCompressor.h */,
				FCF7DAF815C01317005A6586 /* ASIDataCompressor.m */,
				FCF7DAF915C01317005A6586 /* ASIDataDecompressor.h */,
				FCF7DAFA15C01317005A6586 /* ASIDataDecompressor.m */,
				FCF7DAFB15C01317005A6586 /* ASIDownloadCache.h */,
				FCF7DAFC15C01317005A6586 /* ASIDownloadCache.m */,
				FCF7DAFD15C01317005A6586 /* ASIFormDataRequest.h */,
				FCF7DAFE15C01317005A6586 /* ASIFormDataRequest.m */,
				FCF7DAFF15C01317005A6586 /* ASIHTTPRequest.h */,
				FCF7DB0015C01317005A6586 /* ASIHTTPRequest.m */,
				FCF7DB0115C01317005A6586 /* ASIHTTPRequestConfig.h */,
				FCF7DB0215C01317005A6586 /* ASIHTTPRequestDelegate.h */,
				FCF7DB0315C01317005A6586 /* ASIInputStream.h */,
				FCF7DB0415C01317005A6586 /* ASIInputStream.m */,
				FCF7DB0515C01317005A6586 /* ASINetworkQueue.h */,
				FCF7DB0615C01317005A6586 /* ASINetworkQueue.m */,
				FCF7DB0715C01317005A6586 /* ASIProgressDelegate.h */,
			);
			name = ASIHTTPRequest;
			sourceTree = "<group>";
		};
		FCF7DB2A15C0246D005A6586 /* support */ = {
			isa = PBXGroup;
			children = (
				FCE21CEE15FA0A2600D22766 /* gradient background */,
				FCE21CE115FA012000D22766 /* MJPopup */,
				FCF8B21315E33CC10059C0A0 /* JMWhenTapped */,
				FC61F8EC15DBB35E000E3178 /* images */,
				FCF7DAF315C012F1005A6586 /* ASIHTTPRequest */,
				FCF7DB5215C02793005A6586 /* LoadingMoreFooterView */,
				FCF7DB4C15C026DD005A6586 /* EGORefreshTableHeaderView */,
				FCF7DB4215C025ED005A6586 /* WaterFlowLib */,
				FCF7DB2D15C024CB005A6586 /* OpenLibrary */,
				FC3E1E6515CB97AE00E185D5 /* Constance.h */,
			);
			name = support;
			sourceTree = "<group>";
		};
		FCF7DB2D15C024CB005A6586 /* OpenLibrary */ = {
			isa = PBXGroup;
			children = (
				FCF7DB2E15C02562005A6586 /* LICENSE */,
				FCF7DB2F15C02562005A6586 /* README.md */,
				FCF7DB3015C02562005A6586 /* SDImageCache.h */,
				FCF7DB3115C02562005A6586 /* SDImageCache.m */,
				FCF7DB3215C02562005A6586 /* SDImageCacheDelegate.h */,
				FCF7DB3315C02562005A6586 /* SDWebImageCompat.h */,
				FCF7DB3415C02562005A6586 /* SDWebImageDownloader.h */,
				FCF7DB3515C02562005A6586 /* SDWebImageDownloader.m */,
				FCF7DB3615C02562005A6586 /* SDWebImageDownloaderDelegate.h */,
				FCF7DB3715C02562005A6586 /* SDWebImageManager.h */,
				FCF7DB3815C02562005A6586 /* SDWebImageManager.m */,
				FCF7DB3915C02562005A6586 /* SDWebImageManagerDelegate.h */,
				FCF7DB3A15C02562005A6586 /* UIImageView+WebCache.h */,
				FCF7DB3B15C02562005A6586 /* UIImageView+WebCache.m */,
			);
			name = OpenLibrary;
			sourceTree = "<group>";
		};
		FCF7DB4215C025ED005A6586 /* WaterFlowLib */ = {
			isa = PBXGroup;
			children = (
				FCF7DB4315C02640005A6586 /* ImageViewCell.h */,
				FCF7DB4415C02640005A6586 /* ImageViewCell.m */,
				FCF7DB4515C02640005A6586 /* WaterFlowView.h */,
				FCF7DB4615C02640005A6586 /* WaterFlowView.m */,
				FCF7DB4715C02640005A6586 /* WaterFlowViewCell.h */,
				FCF7DB4815C02640005A6586 /* WaterFlowViewCell.m */,
			);
			name = WaterFlowLib;
			sourceTree = "<group>";
		};
		FCF7DB4C15C026DD005A6586 /* EGORefreshTableHeaderView */ = {
			isa = PBXGroup;
			children = (
				FCF7DB4D15C02724005A6586 /* blueArrow.png */,
				FCF7DB4E15C02724005A6586 /* EGORefreshTableHeaderView.h */,
				FCF7DB4F15C02724005A6586 /* EGORefreshTableHeaderView.m */,
			);
			name = EGORefreshTableHeaderView;
			sourceTree = "<group>";
		};
		FCF7DB5215C02793005A6586 /* LoadingMoreFooterView */ = {
			isa = PBXGroup;
			children = (
				FCF7DB5315C027AE005A6586 /* LoadingMoreFooterView.h */,
				FCF7DB5415C027AE005A6586 /* LoadingMoreFooterView.m */,
			);
			name = LoadingMoreFooterView;
			sourceTree = "<group>";
		};
		FCF8B21315E33CC10059C0A0 /* JMWhenTapped */ = {
			isa = PBXGroup;
			children = (
				FCF8B21515E33CFE0059C0A0 /* JMWhenTapped.h */,
				FCF8B21615E33CFE0059C0A0 /* UIView+WhenTappedBlocks.h */,
				FCF8B21715E33CFE0059C0A0 /* UIView+WhenTappedBlocks.m */,
			);
			name = JMWhenTapped;
			sourceTree = "<group>";
		};
/* End PBXGroup section */

/* Begin PBXNativeTarget section */
		FCF7DAD115C012AA005A6586 /* puuten */ = {
			isa = PBXNativeTarget;
			buildConfigurationList = FCF7DAF015C012AA005A6586 /* Build configuration list for PBXNativeTarget "puuten" */;
			buildPhases = (
				FCF7DACE15C012AA005A6586 /* Sources */,
				FCF7DACF15C012AA005A6586 /* Frameworks */,
				FCF7DAD015C012AA005A6586 /* Resources */,
			);
			buildRules = (
			);
			dependencies = (
			);
			name = puuten;
			productName = puuten;
			productReference = FCF7DAD215C012AA005A6586 /* puuten.app */;
			productType = "com.apple.product-type.application";
		};
/* End PBXNativeTarget section */

/* Begin PBXProject section */
		FCF7DAC915C012A9005A6586 /* Project object */ = {
			isa = PBXProject;
			attributes = {
				LastUpgradeCheck = 0430;
			};
			buildConfigurationList = FCF7DACC15C012A9005A6586 /* Build configuration list for PBXProject "puuten" */;
			compatibilityVersion = "Xcode 3.2";
			developmentRegion = English;
			hasScannedForEncodings = 0;
			knownRegions = (
				en,
			);
			mainGroup = FCF7DAC715C012A9005A6586;
			productRefGroup = FCF7DAD315C012AA005A6586 /* Products */;
			projectDirPath = "";
			projectRoot = "";
			targets = (
				FCF7DAD115C012AA005A6586 /* puuten */,
			);
		};
/* End PBXProject section */

/* Begin PBXResourcesBuildPhase section */
		FCF7DAD015C012AA005A6586 /* Resources */ = {
			isa = PBXResourcesBuildPhase;
			buildActionMask = 2147483647;
			files = (
				FCF7DAE115C012AA005A6586 /* InfoPlist.strings in Resources */,
				FCF7DAEA15C012AA005A6586 /* MainStoryboard.storyboard in Resources */,
				FCF7DB3C15C02562005A6586 /* LICENSE in Resources */,
				FCF7DB3D15C02562005A6586 /* README.md in Resources */,
				FCF7DB5015C02724005A6586 /* blueArrow.png in Resources */,
				FC61F8EF15DBB3AB000E3178 /* com_btn_check.png in Resources */,
				FC61F8F015DBB3AB000E3178 /* com_btn_checked.png in Resources */,
				FCEC467115DEB301006EAF2E /* concrete_wall_3.png in Resources */,
				FCEC467815DEB8A1006EAF2E /* capture-button.png in Resources */,
				FCCD876615E0E9F0001EF8CE /* tab_feed.png in Resources */,
				FCCD876915E0F450001EF8CE /* Wallet.png in Resources */,
				FCCD876B15E0F915001EF8CE /* tab-me.png in Resources */,
				FCCD876D15E0FA2F001EF8CE /* ICN_more.png in Resources */,
				FCCD876F15E0FAB5001EF8CE /* camera_button_take.png in Resources */,
				FCCD877115E0FC1E001EF8CE /* Scanner.png in Resources */,
				FCCD877C15E11DDE001EF8CE /* comment.png in Resources */,
				FCCD877D15E11DDE001EF8CE /* invite.png in Resources */,
				FCCD877F15E11EA5001EF8CE /* bag_red.png in Resources */,
				FCED8B8915E4E07100BEA2C0 /* back.png in Resources */,
				FC8ACEEC15F8BE630014AAB4 /* 111.jpeg in Resources */,
				FCE21CED15FA032C00D22766 /* PupupViewController.xib in Resources */,
				FCE21CF915FA11DC00D22766 /* star1.png in Resources */,
				FCE21CFA15FA11DC00D22766 /* star2.png in Resources */,
				FCE21CFB15FA11DC00D22766 /* star3.png in Resources */,
				FCE21CFC15FA11DC00D22766 /* star4.png in Resources */,
			);
			runOnlyForDeploymentPostprocessing = 0;
		};
/* End PBXResourcesBuildPhase section */

/* Begin PBXSourcesBuildPhase section */
		FCF7DACE15C012AA005A6586 /* Sources */ = {
			isa = PBXSourcesBuildPhase;
			buildActionMask = 2147483647;
			files = (
				FCF7DAE315C012AA005A6586 /* main.m in Sources */,
				FCF7DAE715C012AA005A6586 /* AppDelegate.m in Sources */,
				FCF7DAED15C012AA005A6586 /* ViewController.m in Sources */,
				FCF7DB0815C01317005A6586 /* ASIAuthenticationDialog.m in Sources */,
				FCF7DB0915C01317005A6586 /* ASIDataCompressor.m in Sources */,
				FCF7DB0A15C01317005A6586 /* ASIDataDecompressor.m in Sources */,
				FCF7DB0B15C01317005A6586 /* ASIDownloadCache.m in Sources */,
				FCF7DB0C15C01317005A6586 /* ASIFormDataRequest.m in Sources */,
				FCF7DB0D15C01317005A6586 /* ASIHTTPRequest.m in Sources */,
				FCF7DB0E15C01317005A6586 /* ASIInputStream.m in Sources */,
				FCF7DB0F15C01317005A6586 /* ASINetworkQueue.m in Sources */,
				FCF7DB1215C01328005A6586 /* Reachability.m in Sources */,
				FCF7DB1D15C0156A005A6586 /* LoginViewController.m in Sources */,
				FCF7DB3E15C02562005A6586 /* SDImageCache.m in Sources */,
				FCF7DB3F15C02562005A6586 /* SDWebImageDownloader.m in Sources */,
				FCF7DB4015C02562005A6586 /* SDWebImageManager.m in Sources */,
				FCF7DB4115C02562005A6586 /* UIImageView+WebCache.m in Sources */,
				FCF7DB4915C02640005A6586 /* ImageViewCell.m in Sources */,
				FCF7DB4A15C02640005A6586 /* WaterFlowView.m in Sources */,
				FCF7DB4B15C02640005A6586 /* WaterFlowViewCell.m in Sources */,
				FCF7DB5115C02724005A6586 /* EGORefreshTableHeaderView.m in Sources */,
				FCF7DB5515C027AE005A6586 /* LoadingMoreFooterView.m in Sources */,
				FC3E1E6115CB950E00E185D5 /* BSHeader.m in Sources */,
				FC3E1E6415CB960800E185D5 /* WBViewController.m in Sources */,
				FC0A0CAA15CE6CE400AC80F6 /* BSViewController.m in Sources */,
				FCE2AE3315DA0C62000FD85B /* WBCommentViewController.m in Sources */,
				FC03895815DA6B32004B998B /* FriendsViewController.m in Sources */,
				FC03895C15DA6C47004B998B /* FriendsTableCell.m in Sources */,
				FC449D3015DE52A000B0BF90 /* LibViewController.m in Sources */,
				FCF8B21815E33CFE0059C0A0 /* UIView+WhenTappedBlocks.m in Sources */,
				FCBA959A15EA594B0079A7C6 /* ProfileViewController.m in Sources */,
				FCE21CE715FA02BC00D22766 /* MJPopupBackgroundView.m in Sources */,
				FCE21CE815FA02BC00D22766 /* UIViewController+MJPopupViewController.m in Sources */,
				FCE21CEC15FA032C00D22766 /* PupupViewController.m in Sources */,
				FCE21CF315FA0A5D00D22766 /* CMGradientLayer.m in Sources */,
				FCE21CF415FA0A5D00D22766 /* GradientView.m in Sources */,
			);
			runOnlyForDeploymentPostprocessing = 0;
		};
/* End PBXSourcesBuildPhase section */

/* Begin PBXVariantGroup section */
		FCF7DADF15C012AA005A6586 /* InfoPlist.strings */ = {
			isa = PBXVariantGroup;
			children = (
				FCF7DAE015C012AA005A6586 /* en */,
			);
			name = InfoPlist.strings;
			sourceTree = "<group>";
		};
		FCF7DAE815C012AA005A6586 /* MainStoryboard.storyboard */ = {
			isa = PBXVariantGroup;
			children = (
				FCF7DAE915C012AA005A6586 /* en */,
			);
			name = MainStoryboard.storyboard;
			sourceTree = "<group>";
		};
/* End PBXVariantGroup section */

/* Begin XCBuildConfiguration section */
		FCF7DAEE15C012AA005A6586 /* Debug */ = {
			isa = XCBuildConfiguration;
			buildSettings = {
				ALWAYS_SEARCH_USER_PATHS = NO;
				ARCHS = "$(ARCHS_STANDARD_32_BIT)";
				CLANG_ENABLE_OBJC_ARC = YES;
				"CODE_SIGN_IDENTITY[sdk=iphoneos*]" = "iPhone Developer";
				COPY_PHASE_STRIP = NO;
				GCC_C_LANGUAGE_STANDARD = gnu99;
				GCC_DYNAMIC_NO_PIC = NO;
				GCC_OPTIMIZATION_LEVEL = 0;
				GCC_PREPROCESSOR_DEFINITIONS = (
					"DEBUG=1",
					"$(inherited)",
				);
				GCC_SYMBOLS_PRIVATE_EXTERN = NO;
				GCC_VERSION = com.apple.compilers.llvm.clang.1_0;
				GCC_WARN_ABOUT_RETURN_TYPE = YES;
				GCC_WARN_UNINITIALIZED_AUTOS = YES;
				GCC_WARN_UNUSED_VARIABLE = YES;
				IPHONEOS_DEPLOYMENT_TARGET = 5.1;
				SDKROOT = iphoneos;
			};
			name = Debug;
		};
		FCF7DAEF15C012AA005A6586 /* Release */ = {
			isa = XCBuildConfiguration;
			buildSettings = {
				ALWAYS_SEARCH_USER_PATHS = NO;
				ARCHS = "$(ARCHS_STANDARD_32_BIT)";
				CLANG_ENABLE_OBJC_ARC = YES;
				"CODE_SIGN_IDENTITY[sdk=iphoneos*]" = "iPhone Developer";
				COPY_PHASE_STRIP = YES;
				GCC_C_LANGUAGE_STANDARD = gnu99;
				GCC_VERSION = com.apple.compilers.llvm.clang.1_0;
				GCC_WARN_ABOUT_RETURN_TYPE = YES;
				GCC_WARN_UNINITIALIZED_AUTOS = YES;
				GCC_WARN_UNUSED_VARIABLE = YES;
				IPHONEOS_DEPLOYMENT_TARGET = 5.1;
				OTHER_CFLAGS = "-DNS_BLOCK_ASSERTIONS=1";
				SDKROOT = iphoneos;
				VALIDATE_PRODUCT = YES;
			};
			name = Release;
		};
		FCF7DAF115C012AA005A6586 /* Debug */ = {
			isa = XCBuildConfiguration;
			buildSettings = {
				GCC_PRECOMPILE_PREFIX_HEADER = YES;
				GCC_PREFIX_HEADER = "puuten/puuten-Prefix.pch";
				INFOPLIST_FILE = "puuten/puuten-Info.plist";
				PRODUCT_NAME = "$(TARGET_NAME)";
				WRAPPER_EXTENSION = app;
			};
			name = Debug;
		};
		FCF7DAF215C012AA005A6586 /* Release */ = {
			isa = XCBuildConfiguration;
			buildSettings = {
				GCC_PRECOMPILE_PREFIX_HEADER = YES;
				GCC_PREFIX_HEADER = "puuten/puuten-Prefix.pch";
				INFOPLIST_FILE = "puuten/puuten-Info.plist";
				PRODUCT_NAME = "$(TARGET_NAME)";
				WRAPPER_EXTENSION = app;
			};
			name = Release;
		};
/* End XCBuildConfiguration section */

/* Begin XCConfigurationList section */
		FCF7DACC15C012A9005A6586 /* Build configuration list for PBXProject "puuten" */ = {
			isa = XCConfigurationList;
			buildConfigurations = (
				FCF7DAEE15C012AA005A6586 /* Debug */,
				FCF7DAEF15C012AA005A6586 /* Release */,
			);
			defaultConfigurationIsVisible = 0;
			defaultConfigurationName = Release;
		};
		FCF7DAF015C012AA005A6586 /* Build configuration list for PBXNativeTarget "puuten" */ = {
			isa = XCConfigurationList;
			buildConfigurations = (
				FCF7DAF115C012AA005A6586 /* Debug */,
				FCF7DAF215C012AA005A6586 /* Release */,
			);
			defaultConfigurationIsVisible = 0;
			defaultConfigurationName = Release;
		};
/* End XCConfigurationList section */
	};
	rootObject = FCF7DAC915C012A9005A6586 /* Project object */;
}
